
Microsoft Visual Studio Solution File, Format Version 10.00
# Visual Studio 2008
Project("{FAE04EC0-301F-11D3-BF4B-00C04F79EFBC}") = "Roket3D IDE.NET", "IDE.NET\Roket3D\Roket3D IDE.NET.csproj", "{5BA158DE-7E14-42BD-8ABE-2FFBCD1CC268}"
	ProjectSection(ProjectDependencies) = postProject
		{40D10D51-58AB-4B88-AEFB-C949456E0C8D} = {40D10D51-58AB-4B88-AEFB-C949456E0C8D}
	EndProjectSection
EndProject
Project("{FAE04EC0-301F-11D3-BF4B-00C04F79EFBC}") = "DockPanelSuite", "IDE.NET\Dependencies\DockPanelSuite\DockPanelSuite.csproj", "{B2886585-F158-4870-95A5-564007987F45}"
EndProject
Project("{8BC9CEB8-8B4A-11D0-8D11-00A0C91BC942}") = "Roket3D", "Engine\Core\Roket3D.vcproj", "{40D10D51-58AB-4B88-AEFB-C949456E0C8D}"
	ProjectSection(ProjectDependencies) = postProject
		{B7415036-4667-4E22-BA1C-D4F336399DAC} = {B7415036-4667-4E22-BA1C-D4F336399DAC}
		{44354852-EF93-4C9F-BD83-3CCB3BFF370B} = {44354852-EF93-4C9F-BD83-3CCB3BFF370B}
		{89F5E05C-7868-47CC-912B-250C0BF8170E} = {89F5E05C-7868-47CC-912B-250C0BF8170E}
		{76F2CFAC-B767-4A89-9BD2-96B099C5B909} = {76F2CFAC-B767-4A89-9BD2-96B099C5B909}
		{E0BBB1C5-C5A1-4297-BA1D-B191ACCDB325} = {E0BBB1C5-C5A1-4297-BA1D-B191ACCDB325}
		{2F3F97E3-13C0-4AA0-B465-EDD9CCFDE29D} = {2F3F97E3-13C0-4AA0-B465-EDD9CCFDE29D}
	EndProjectSection
EndProject
Project("{8BC9CEB8-8B4A-11D0-8D11-00A0C91BC942}") = "Irrlicht", "Engine\Libraries\Irrlicht\Irrlicht.vcproj", "{659A346E-1481-42AD-8991-64F903F8A1C5}"
EndProject
Project("{8BC9CEB8-8B4A-11D0-8D11-00A0C91BC942}") = "Lua", "Engine\Libraries\Lua\Lua.vcproj", "{13CFB1C1-1B81-400B-819D-762E47F78D80}"
EndProject
Project("{8BC9CEB8-8B4A-11D0-8D11-00A0C91BC942}") = "Newton", "Engine\Libraries\Newton\Newton.vcproj", "{89F5E05C-7868-47CC-912B-250C0BF8170E}"
EndProject
Project("{8BC9CEB8-8B4A-11D0-8D11-00A0C91BC942}") = "SDL", "Engine\Libraries\SDL\SDL.vcproj", "{B7415036-4667-4E22-BA1C-D4F336399DAC}"
EndProject
Project("{8BC9CEB8-8B4A-11D0-8D11-00A0C91BC942}") = "ALUT", "Engine\Libraries\Audio\ALUT\alut.vcproj", "{07149BCB-BE8A-4503-BE18-815D64233116}"
EndProject
Project("{8BC9CEB8-8B4A-11D0-8D11-00A0C91BC942}") = "CAudio", "Engine\Libraries\Audio\CAudio\CAudio.vcproj", "{3C874EF8-2D32-454D-B02E-9B9E28C60038}"
	ProjectSection(ProjectDependencies) = postProject
		{07149BCB-BE8A-4503-BE18-815D64233116} = {07149BCB-BE8A-4503-BE18-815D64233116}
	EndProjectSection
EndProject
Project("{8BC9CEB8-8B4A-11D0-8D11-00A0C91BC942}") = "OGG", "Engine\Libraries\Audio\Ogg\OGG.vcproj", "{15CBFEFF-7965-41F5-B4E2-21E8795C9159}"
EndProject
Project("{8BC9CEB8-8B4A-11D0-8D11-00A0C91BC942}") = "Vorbis", "Engine\Libraries\Audio\Vorbis\Vorbis.vcproj", "{3A214E06-B95E-4D61-A291-1F8DF2EC10FD}"
EndProject
Project("{8BC9CEB8-8B4A-11D0-8D11-00A0C91BC942}") = "VorbisFile", "Engine\Libraries\Audio\Vorbis\VorbisFile.vcproj", "{CEBDE98B-A6AA-46E6-BC79-FAAF823DB9EC}"
EndProject
Project("{8BC9CEB8-8B4A-11D0-8D11-00A0C91BC942}") = "XEffects", "Engine\Libraries\XEffects\XEffects.vcproj", "{E0BBB1C5-C5A1-4297-BA1D-B191ACCDB325}"
EndProject
Project("{FAE04EC0-301F-11D3-BF4B-00C04F79EFBC}") = "AutoBind", "Utility\AutoBind\AutoBind.csproj", "{76F2CFAC-B767-4A89-9BD2-96B099C5B909}"
EndProject
Project("{FAE04EC0-301F-11D3-BF4B-00C04F79EFBC}") = "LibAutoBind", "Utility\LibAutoBind\LibAutoBind.csproj", "{44354852-EF93-4C9F-BD83-3CCB3BFF370B}"
EndProject
Project("{8BC9CEB8-8B4A-11D0-8D11-00A0C91BC942}") = "OpenAL", "Engine\Libraries\Audio\OpenAL\OpenAL.vcproj", "{2F3F97E3-13C0-4AA0-B465-EDD9CCFDE29D}"
EndProject
Global
	GlobalSection(SolutionConfigurationPlatforms) = preSolution
		Debug|Any CPU = Debug|Any CPU
		Debug|Mixed Platforms = Debug|Mixed Platforms
		Debug|Win32 = Debug|Win32
		Release|Any CPU = Release|Any CPU
		Release|Mixed Platforms = Release|Mixed Platforms
		Release|Win32 = Release|Win32
	EndGlobalSection
	GlobalSection(ProjectConfigurationPlatforms) = postSolution
		{5BA158DE-7E14-42BD-8ABE-2FFBCD1CC268}.Debug|Any CPU.ActiveCfg = Debug|Any CPU
		{5BA158DE-7E14-42BD-8ABE-2FFBCD1CC268}.Debug|Any CPU.Build.0 = Debug|Any CPU
		{5BA158DE-7E14-42BD-8ABE-2FFBCD1CC268}.Debug|Mixed Platforms.ActiveCfg = Debug|Any CPU
		{5BA158DE-7E14-42BD-8ABE-2FFBCD1CC268}.Debug|Mixed Platforms.Build.0 = Debug|Any CPU
		{5BA158DE-7E14-42BD-8ABE-2FFBCD1CC268}.Debug|Win32.ActiveCfg = Debug|Any CPU
		{5BA158DE-7E14-42BD-8ABE-2FFBCD1CC268}.Release|Any CPU.ActiveCfg = Release|Any CPU
		{5BA158DE-7E14-42BD-8ABE-2FFBCD1CC268}.Release|Any CPU.Build.0 = Release|Any CPU
		{5BA158DE-7E14-42BD-8ABE-2FFBCD1CC268}.Release|Mixed Platforms.ActiveCfg = Release|Any CPU
		{5BA158DE-7E14-42BD-8ABE-2FFBCD1CC268}.Release|Mixed Platforms.Build.0 = Release|Any CPU
		{5BA158DE-7E14-42BD-8ABE-2FFBCD1CC268}.Release|Win32.ActiveCfg = Release|Any CPU
		{B2886585-F158-4870-95A5-564007987F45}.Debug|Any CPU.ActiveCfg = Debug|Any CPU
		{B2886585-F158-4870-95A5-564007987F45}.Debug|Any CPU.Build.0 = Debug|Any CPU
		{B2886585-F158-4870-95A5-564007987F45}.Debug|Mixed Platforms.ActiveCfg = Debug|Any CPU
		{B2886585-F158-4870-95A5-564007987F45}.Debug|Mixed Platforms.Build.0 = Debug|Any CPU
		{B2886585-F158-4870-95A5-564007987F45}.Debug|Win32.ActiveCfg = Debug|Any CPU
		{B2886585-F158-4870-95A5-564007987F45}.Release|Any CPU.ActiveCfg = Release|Any CPU
		{B2886585-F158-4870-95A5-564007987F45}.Release|Any CPU.Build.0 = Release|Any CPU
		{B2886585-F158-4870-95A5-564007987F45}.Release|Mixed Platforms.ActiveCfg = Release|Any CPU
		{B2886585-F158-4870-95A5-564007987F45}.Release|Mixed Platforms.Build.0 = Release|Any CPU
		{B2886585-F158-4870-95A5-564007987F45}.Release|Win32.ActiveCfg = Release|Any CPU
		{40D10D51-58AB-4B88-AEFB-C949456E0C8D}.Debug|Any CPU.ActiveCfg = Debug|Win32
		{40D10D51-58AB-4B88-AEFB-C949456E0C8D}.Debug|Mixed Platforms.ActiveCfg = Debug|Win32
		{40D10D51-58AB-4B88-AEFB-C949456E0C8D}.Debug|Mixed Platforms.Build.0 = Debug|Win32
		{40D10D51-58AB-4B88-AEFB-C949456E0C8D}.Debug|Win32.ActiveCfg = Debug|Win32
		{40D10D51-58AB-4B88-AEFB-C949456E0C8D}.Debug|Win32.Build.0 = Debug|Win32
		{40D10D51-58AB-4B88-AEFB-C949456E0C8D}.Release|Any CPU.ActiveCfg = Release|Win32
		{40D10D51-58AB-4B88-AEFB-C949456E0C8D}.Release|Mixed Platforms.ActiveCfg = Release|Win32
		{40D10D51-58AB-4B88-AEFB-C949456E0C8D}.Release|Mixed Platforms.Build.0 = Release|Win32
		{40D10D51-58AB-4B88-AEFB-C949456E0C8D}.Release|Win32.ActiveCfg = Release|Win32
		{40D10D51-58AB-4B88-AEFB-C949456E0C8D}.Release|Win32.Build.0 = Release|Win32
		{659A346E-1481-42AD-8991-64F903F8A1C5}.Debug|Any CPU.ActiveCfg = Debug|Win32
		{659A346E-1481-42AD-8991-64F903F8A1C5}.Debug|Mixed Platforms.ActiveCfg = Debug|Win32
		{659A346E-1481-42AD-8991-64F903F8A1C5}.Debug|Mixed Platforms.Build.0 = Debug|Win32
		{659A346E-1481-42AD-8991-64F903F8A1C5}.Debug|Win32.ActiveCfg = Debug|Win32
		{659A346E-1481-42AD-8991-64F903F8A1C5}.Debug|Win32.Build.0 = Debug|Win32
		{659A346E-1481-42AD-8991-64F903F8A1C5}.Release|Any CPU.ActiveCfg = Release|Win32
		{659A346E-1481-42AD-8991-64F903F8A1C5}.Release|Mixed Platforms.ActiveCfg = Release|Win32
		{659A346E-1481-42AD-8991-64F903F8A1C5}.Release|Mixed Platforms.Build.0 = Release|Win32
		{659A346E-1481-42AD-8991-64F903F8A1C5}.Release|Win32.ActiveCfg = Release|Win32
		{659A346E-1481-42AD-8991-64F903F8A1C5}.Release|Win32.Build.0 = Release|Win32
		{13CFB1C1-1B81-400B-819D-762E47F78D80}.Debug|Any CPU.ActiveCfg = Debug|Win32
		{13CFB1C1-1B81-400B-819D-762E47F78D80}.Debug|Mixed Platforms.ActiveCfg = Debug|Win32
		{13CFB1C1-1B81-400B-819D-762E47F78D80}.Debug|Mixed Platforms.Build.0 = Debug|Win32
		{13CFB1C1-1B81-400B-819D-762E47F78D80}.Debug|Win32.ActiveCfg = Debug|Win32
		{13CFB1C1-1B81-400B-819D-762E47F78D80}.Debug|Win32.Build.0 = Debug|Win32
		{13CFB1C1-1B81-400B-819D-762E47F78D80}.Release|Any CPU.ActiveCfg = Release|Win32
		{13CFB1C1-1B81-400B-819D-762E47F78D80}.Release|Mixed Platforms.ActiveCfg = Release|Win32
		{13CFB1C1-1B81-400B-819D-762E47F78D80}.Release|Mixed Platforms.Build.0 = Release|Win32
		{13CFB1C1-1B81-400B-819D-762E47F78D80}.Release|Win32.ActiveCfg = Release|Win32
		{13CFB1C1-1B81-400B-819D-762E47F78D80}.Release|Win32.Build.0 = Release|Win32
		{89F5E05C-7868-47CC-912B-250C0BF8170E}.Debug|Any CPU.ActiveCfg = Debug|Win32
		{89F5E05C-7868-47CC-912B-250C0BF8170E}.Debug|Mixed Platforms.ActiveCfg = Debug|Win32
		{89F5E05C-7868-47CC-912B-250C0BF8170E}.Debug|Mixed Platforms.Build.0 = Debug|Win32
		{89F5E05C-7868-47CC-912B-250C0BF8170E}.Debug|Win32.ActiveCfg = Debug|Win32
		{89F5E05C-7868-47CC-912B-250C0BF8170E}.Debug|Win32.Build.0 = Debug|Win32
		{89F5E05C-7868-47CC-912B-250C0BF8170E}.Release|Any CPU.ActiveCfg = Release|Win32
		{89F5E05C-7868-47CC-912B-250C0BF8170E}.Release|Mixed Platforms.ActiveCfg = Release|Win32
		{89F5E05C-7868-47CC-912B-250C0BF8170E}.Release|Mixed Platforms.Build.0 = Release|Win32
		{89F5E05C-7868-47CC-912B-250C0BF8170E}.Release|Win32.ActiveCfg = Release|Win32
		{89F5E05C-7868-47CC-912B-250C0BF8170E}.Release|Win32.Build.0 = Release|Win32
		{B7415036-4667-4E22-BA1C-D4F336399DAC}.Debug|Any CPU.ActiveCfg = Debug|Win32
		{B7415036-4667-4E22-BA1C-D4F336399DAC}.Debug|Mixed Platforms.ActiveCfg = Debug|Win32
		{B7415036-4667-4E22-BA1C-D4F336399DAC}.Debug|Mixed Platforms.Build.0 = Debug|Win32
		{B7415036-4667-4E22-BA1C-D4F336399DAC}.Debug|Win32.ActiveCfg = Debug|Win32
		{B7415036-4667-4E22-BA1C-D4F336399DAC}.Debug|Win32.Build.0 = Debug|Win32
		{B7415036-4667-4E22-BA1C-D4F336399DAC}.Release|Any CPU.ActiveCfg = Release|Win32
		{B7415036-4667-4E22-BA1C-D4F336399DAC}.Release|Mixed Platforms.ActiveCfg = Release|Win32
		{B7415036-4667-4E22-BA1C-D4F336399DAC}.Release|Mixed Platforms.Build.0 = Release|Win32
		{B7415036-4667-4E22-BA1C-D4F336399DAC}.Release|Win32.ActiveCfg = Release|Win32
		{B7415036-4667-4E22-BA1C-D4F336399DAC}.Release|Win32.Build.0 = Release|Win32
		{07149BCB-BE8A-4503-BE18-815D64233116}.Debug|Any CPU.ActiveCfg = Debug|Win32
		{07149BCB-BE8A-4503-BE18-815D64233116}.Debug|Mixed Platforms.ActiveCfg = Debug|Win32
		{07149BCB-BE8A-4503-BE18-815D64233116}.Debug|Mixed Platforms.Build.0 = Debug|Win32
		{07149BCB-BE8A-4503-BE18-815D64233116}.Debug|Win32.ActiveCfg = Debug|Win32
		{07149BCB-BE8A-4503-BE18-815D64233116}.Debug|Win32.Build.0 = Debug|Win32
		{07149BCB-BE8A-4503-BE18-815D64233116}.Release|Any CPU.ActiveCfg = Release|Win32
		{07149BCB-BE8A-4503-BE18-815D64233116}.Release|Mixed Platforms.ActiveCfg = Release|Win32
		{07149BCB-BE8A-4503-BE18-815D64233116}.Release|Mixed Platforms.Build.0 = Release|Win32
		{07149BCB-BE8A-4503-BE18-815D64233116}.Release|Win32.ActiveCfg = Release|Win32
		{07149BCB-BE8A-4503-BE18-815D64233116}.Release|Win32.Build.0 = Release|Win32
		{3C874EF8-2D32-454D-B02E-9B9E28C60038}.Debug|Any CPU.ActiveCfg = Debug|Win32
		{3C874EF8-2D32-454D-B02E-9B9E28C60038}.Debug|Mixed Platforms.ActiveCfg = Debug|Win32
		{3C874EF8-2D32-454D-B02E-9B9E28C60038}.Debug|Mixed Platforms.Build.0 = Debug|Win32
		{3C874EF8-2D32-454D-B02E-9B9E28C60038}.Debug|Win32.ActiveCfg = Debug|Win32
		{3C874EF8-2D32-454D-B02E-9B9E28C60038}.Debug|Win32.Build.0 = Debug|Win32
		{3C874EF8-2D32-454D-B02E-9B9E28C60038}.Release|Any CPU.ActiveCfg = Release|Win32
		{3C874EF8-2D32-454D-B02E-9B9E28C60038}.Release|Mixed Platforms.ActiveCfg = Release|Win32
		{3C874EF8-2D32-454D-B02E-9B9E28C60038}.Release|Mixed Platforms.Build.0 = Release|Win32
		{3C874EF8-2D32-454D-B02E-9B9E28C60038}.Release|Win32.ActiveCfg = Release|Win32
		{3C874EF8-2D32-454D-B02E-9B9E28C60038}.Release|Win32.Build.0 = Release|Win32
		{15CBFEFF-7965-41F5-B4E2-21E8795C9159}.Debug|Any CPU.ActiveCfg = Debug|Win32
		{15CBFEFF-7965-41F5-B4E2-21E8795C9159}.Debug|Mixed Platforms.ActiveCfg = Debug|Win32
		{15CBFEFF-7965-41F5-B4E2-21E8795C9159}.Debug|Mixed Platforms.Build.0 = Debug|Win32
		{15CBFEFF-7965-41F5-B4E2-21E8795C9159}.Debug|Win32.ActiveCfg = Debug|Win32
		{15CBFEFF-7965-41F5-B4E2-21E8795C9159}.Debug|Win32.Build.0 = Debug|Win32
		{15CBFEFF-7965-41F5-B4E2-21E8795C9159}.Release|Any CPU.ActiveCfg = Release|Win32
		{15CBFEFF-7965-41F5-B4E2-21E8795C9159}.Release|Mixed Platforms.ActiveCfg = Release|Win32
		{15CBFEFF-7965-41F5-B4E2-21E8795C9159}.Release|Mixed Platforms.Build.0 = Release|Win32
		{15CBFEFF-7965-41F5-B4E2-21E8795C9159}.Release|Win32.ActiveCfg = Release|Win32
		{15CBFEFF-7965-41F5-B4E2-21E8795C9159}.Release|Win32.Build.0 = Release|Win32
		{3A214E06-B95E-4D61-A291-1F8DF2EC10FD}.Debug|Any CPU.ActiveCfg = Debug|Win32
		{3A214E06-B95E-4D61-A291-1F8DF2EC10FD}.Debug|Mixed Platforms.ActiveCfg = Debug|Win32
		{3A214E06-B95E-4D61-A291-1F8DF2EC10FD}.Debug|Mixed Platforms.Build.0 = Debug|Win32
		{3A214E06-B95E-4D61-A291-1F8DF2EC10FD}.Debug|Win32.ActiveCfg = Debug|Win32
		{3A214E06-B95E-4D61-A291-1F8DF2EC10FD}.Debug|Win32.Build.0 = Debug|Win32
		{3A214E06-B95E-4D61-A291-1F8DF2EC10FD}.Release|Any CPU.ActiveCfg = Release|Win32
		{3A214E06-B95E-4D61-A291-1F8DF2EC10FD}.Release|Mixed Platforms.ActiveCfg = Release|Win32
		{3A214E06-B95E-4D61-A291-1F8DF2EC10FD}.Release|Mixed Platforms.Build.0 = Release|Win32
		{3A214E06-B95E-4D61-A291-1F8DF2EC10FD}.Release|Win32.ActiveCfg = Release|Win32
		{3A214E06-B95E-4D61-A291-1F8DF2EC10FD}.Release|Win32.Build.0 = Release|Win32
		{CEBDE98B-A6AA-46E6-BC79-FAAF823DB9EC}.Debug|Any CPU.ActiveCfg = Debug|Win32
		{CEBDE98B-A6AA-46E6-BC79-FAAF823DB9EC}.Debug|Mixed Platforms.ActiveCfg = Debug|Win32
		{CEBDE98B-A6AA-46E6-BC79-FAAF823DB9EC}.Debug|Mixed Platforms.Build.0 = Debug|Win32
		{CEBDE98B-A6AA-46E6-BC79-FAAF823DB9EC}.Debug|Win32.ActiveCfg = Debug|Win32
		{CEBDE98B-A6AA-46E6-BC79-FAAF823DB9EC}.Debug|Win32.Build.0 = Debug|Win32
		{CEBDE98B-A6AA-46E6-BC79-FAAF823DB9EC}.Release|Any CPU.ActiveCfg = Release|Win32
		{CEBDE98B-A6AA-46E6-BC79-FAAF823DB9EC}.Release|Mixed Platforms.ActiveCfg = Release|Win32
		{CEBDE98B-A6AA-46E6-BC79-FAAF823DB9EC}.Release|Mixed Platforms.Build.0 = Release|Win32
		{CEBDE98B-A6AA-46E6-BC79-FAAF823DB9EC}.Release|Win32.ActiveCfg = Release|Win32
		{CEBDE98B-A6AA-46E6-BC79-FAAF823DB9EC}.Release|Win32.Build.0 = Release|Win32
		{E0BBB1C5-C5A1-4297-BA1D-B191ACCDB325}.Debug|Any CPU.ActiveCfg = Debug|Win32
		{E0BBB1C5-C5A1-4297-BA1D-B191ACCDB325}.Debug|Mixed Platforms.ActiveCfg = Debug|Win32
		{E0BBB1C5-C5A1-4297-BA1D-B191ACCDB325}.Debug|Mixed Platforms.Build.0 = Debug|Win32
		{E0BBB1C5-C5A1-4297-BA1D-B191ACCDB325}.Debug|Win32.ActiveCfg = Debug|Win32
		{E0BBB1C5-C5A1-4297-BA1D-B191ACCDB325}.Debug|Win32.Build.0 = Debug|Win32
		{E0BBB1C5-C5A1-4297-BA1D-B191ACCDB325}.Release|Any CPU.ActiveCfg = Release|Win32
		{E0BBB1C5-C5A1-4297-BA1D-B191ACCDB325}.Release|Mixed Platforms.ActiveCfg = Release|Win32
		{E0BBB1C5-C5A1-4297-BA1D-B191ACCDB325}.Release|Mixed Platforms.Build.0 = Release|Win32
		{E0BBB1C5-C5A1-4297-BA1D-B191ACCDB325}.Release|Win32.ActiveCfg = Release|Win32
		{E0BBB1C5-C5A1-4297-BA1D-B191ACCDB325}.Release|Win32.Build.0 = Release|Win32
		{76F2CFAC-B767-4A89-9BD2-96B099C5B909}.Debug|Any CPU.ActiveCfg = Debug|Any CPU
		{76F2CFAC-B767-4A89-9BD2-96B099C5B909}.Debug|Any CPU.Build.0 = Debug|Any CPU
		{76F2CFAC-B767-4A89-9BD2-96B099C5B909}.Debug|Mixed Platforms.ActiveCfg = Debug|Any CPU
		{76F2CFAC-B767-4A89-9BD2-96B099C5B909}.Debug|Mixed Platforms.Build.0 = Debug|Any CPU
		{76F2CFAC-B767-4A89-9BD2-96B099C5B909}.Debug|Win32.ActiveCfg = Debug|Any CPU
		{76F2CFAC-B767-4A89-9BD2-96B099C5B909}.Release|Any CPU.ActiveCfg = Release|Any CPU
		{76F2CFAC-B767-4A89-9BD2-96B099C5B909}.Release|Any CPU.Build.0 = Release|Any CPU
		{76F2CFAC-B767-4A89-9BD2-96B099C5B909}.Release|Mixed Platforms.ActiveCfg = Debug|Any CPU
		{76F2CFAC-B767-4A89-9BD2-96B099C5B909}.Release|Mixed Platforms.Build.0 = Debug|Any CPU
		{76F2CFAC-B767-4A89-9BD2-96B099C5B909}.Release|Win32.ActiveCfg = Release|Any CPU
		{44354852-EF93-4C9F-BD83-3CCB3BFF370B}.Debug|Any CPU.ActiveCfg = Debug|Any CPU
		{44354852-EF93-4C9F-BD83-3CCB3BFF370B}.Debug|Any CPU.Build.0 = Debug|Any CPU
		{44354852-EF93-4C9F-BD83-3CCB3BFF370B}.Debug|Mixed Platforms.ActiveCfg = Debug|Any CPU
		{44354852-EF93-4C9F-BD83-3CCB3BFF370B}.Debug|Mixed Platforms.Build.0 = Debug|Any CPU
		{44354852-EF93-4C9F-BD83-3CCB3BFF370B}.Debug|Win32.ActiveCfg = Debug|Any CPU
		{44354852-EF93-4C9F-BD83-3CCB3BFF370B}.Release|Any CPU.ActiveCfg = Release|Any CPU
		{44354852-EF93-4C9F-BD83-3CCB3BFF370B}.Release|Any CPU.Build.0 = Release|Any CPU
		{44354852-EF93-4C9F-BD83-3CCB3BFF370B}.Release|Mixed Platforms.ActiveCfg = Debug|Any CPU
		{44354852-EF93-4C9F-BD83-3CCB3BFF370B}.Release|Mixed Platforms.Build.0 = Debug|Any CPU
		{44354852-EF93-4C9F-BD83-3CCB3BFF370B}.Release|Win32.ActiveCfg = Release|Any CPU
		{2F3F97E3-13C0-4AA0-B465-EDD9CCFDE29D}.Debug|Any CPU.ActiveCfg = Debug|Win32
		{2F3F97E3-13C0-4AA0-B465-EDD9CCFDE29D}.Debug|Mixed Platforms.ActiveCfg = Debug|Win32
		{2F3F97E3-13C0-4AA0-B465-EDD9CCFDE29D}.Debug|Mixed Platforms.Build.0 = Debug|Win32
		{2F3F97E3-13C0-4AA0-B465-EDD9CCFDE29D}.Debug|Win32.ActiveCfg = Debug|Win32
		{2F3F97E3-13C0-4AA0-B465-EDD9CCFDE29D}.Debug|Win32.Build.0 = Debug|Win32
		{2F3F97E3-13C0-4AA0-B465-EDD9CCFDE29D}.Release|Any CPU.ActiveCfg = Release|Win32
		{2F3F97E3-13C0-4AA0-B465-EDD9CCFDE29D}.Release|Mixed Platforms.ActiveCfg = Release|Win32
		{2F3F97E3-13C0-4AA0-B465-EDD9CCFDE29D}.Release|Mixed Platforms.Build.0 = Release|Win32
		{2F3F97E3-13C0-4AA0-B465-EDD9CCFDE29D}.Release|Win32.ActiveCfg = Release|Win32
		{2F3F97E3-13C0-4AA0-B465-EDD9CCFDE29D}.Release|Win32.Build.0 = Release|Win32
	EndGlobalSection
	GlobalSection(SolutionProperties) = preSolution
		HideSolutionNode = FALSE
	EndGlobalSection
EndGlobal
