
Microsoft Visual Studio Solution File, Format Version 10.00
# Visual Studio 2008
Project("{FAE04EC0-301F-11D3-BF4B-00C04F79EFBC}") = "Roket3D IDE.NET", "IDE.NET\Roket3D\Roket3D IDE.NET.csproj", "{5BA158DE-7E14-42BD-8ABE-2FFBCD1CC268}"
EndProject
Project("{FAE04EC0-301F-11D3-BF4B-00C04F79EFBC}") = "DockPanelSuite", "IDE.NET\Dependencies\DockPanelSuite\DockPanelSuite.csproj", "{B2886585-F158-4870-95A5-564007987F45}"
EndProject
Project("{8BC9CEB8-8B4A-11D0-8D11-00A0C91BC942}") = "libvorbis", "libVorbis\win32\VS2005\libvorbis\libvorbis.vcproj", "{3A214E06-B95E-4D61-A291-1F8DF2EC10FD}"
EndProject
Project("{8BC9CEB8-8B4A-11D0-8D11-00A0C91BC942}") = "libvorbisfile", "libVorbis\win32\VS2005\libvorbisfile\libvorbisfile.vcproj", "{CEBDE98B-A6AA-46E6-BC79-FAAF823DB9EC}"
EndProject
Project("{8BC9CEB8-8B4A-11D0-8D11-00A0C91BC942}") = "RoketGraphics", "RoketGraphics\source\Irrlicht\Irrlicht7.1.vcproj", "{F564E903-593D-4454-B8B9-A67D9D6919DB}"
EndProject
Project("{8BC9CEB8-8B4A-11D0-8D11-00A0C91BC942}") = "Roket3D Alpha", "Windows\Roket3D Alpha\Roket3D Alpha.vcproj", "{0A1BC181-863C-45F5-8A33-A41A2321E42B}"
EndProject
Project("{8BC9CEB8-8B4A-11D0-8D11-00A0C91BC942}") = "alut", "libALUT\admin\VisualStudioDotNET\alut\alut.vcproj", "{07149BCB-BE8A-4503-BE18-815D64233116}"
EndProject
Project("{8BC9CEB8-8B4A-11D0-8D11-00A0C91BC942}") = "libogg", "libOGG\win32\VS2003\libogg\libogg.vcproj", "{15CBFEFF-7965-41F5-B4E2-21E8795C9159}"
EndProject
Project("{8BC9CEB8-8B4A-11D0-8D11-00A0C91BC942}") = "vorbisenc", "libVorbis\win32\VS2005\vorbisenc\vorbisenc.vcproj", "{E48B6A8B-F7FE-4DA8-8248-E64DBAC4F56C}"
EndProject
Global
	GlobalSection(SolutionConfigurationPlatforms) = preSolution
		Debug - VBNETAddon|Any CPU = Debug - VBNETAddon|Any CPU
		Debug - VBNETAddon|Mixed Platforms = Debug - VBNETAddon|Mixed Platforms
		Debug - VBNETAddon|Win32 = Debug - VBNETAddon|Win32
		Debug|Any CPU = Debug|Any CPU
		Debug|Mixed Platforms = Debug|Mixed Platforms
		Debug|Win32 = Debug|Win32
		Release - Fast FPU|Any CPU = Release - Fast FPU|Any CPU
		Release - Fast FPU|Mixed Platforms = Release - Fast FPU|Mixed Platforms
		Release - Fast FPU|Win32 = Release - Fast FPU|Win32
		Release_SSE|Any CPU = Release_SSE|Any CPU
		Release_SSE|Mixed Platforms = Release_SSE|Mixed Platforms
		Release_SSE|Win32 = Release_SSE|Win32
		Release_SSE2|Any CPU = Release_SSE2|Any CPU
		Release_SSE2|Mixed Platforms = Release_SSE2|Mixed Platforms
		Release_SSE2|Win32 = Release_SSE2|Win32
		Release|Any CPU = Release|Any CPU
		Release|Mixed Platforms = Release|Mixed Platforms
		Release|Win32 = Release|Win32
		Static lib - Debug|Any CPU = Static lib - Debug|Any CPU
		Static lib - Debug|Mixed Platforms = Static lib - Debug|Mixed Platforms
		Static lib - Debug|Win32 = Static lib - Debug|Win32
		Static lib - Release - Fast FPU|Any CPU = Static lib - Release - Fast FPU|Any CPU
		Static lib - Release - Fast FPU|Mixed Platforms = Static lib - Release - Fast FPU|Mixed Platforms
		Static lib - Release - Fast FPU|Win32 = Static lib - Release - Fast FPU|Win32
		Static lib - Release|Any CPU = Static lib - Release|Any CPU
		Static lib - Release|Mixed Platforms = Static lib - Release|Mixed Platforms
		Static lib - Release|Win32 = Static lib - Release|Win32
	EndGlobalSection
	GlobalSection(ProjectConfigurationPlatforms) = postSolution
		{5BA158DE-7E14-42BD-8ABE-2FFBCD1CC268}.Debug - VBNETAddon|Any CPU.ActiveCfg = Debug|Any CPU
		{5BA158DE-7E14-42BD-8ABE-2FFBCD1CC268}.Debug - VBNETAddon|Any CPU.Build.0 = Debug|Any CPU
		{5BA158DE-7E14-42BD-8ABE-2FFBCD1CC268}.Debug - VBNETAddon|Mixed Platforms.ActiveCfg = Debug|Any CPU
		{5BA158DE-7E14-42BD-8ABE-2FFBCD1CC268}.Debug - VBNETAddon|Mixed Platforms.Build.0 = Debug|Any CPU
		{5BA158DE-7E14-42BD-8ABE-2FFBCD1CC268}.Debug - VBNETAddon|Win32.ActiveCfg = Debug|Any CPU
		{5BA158DE-7E14-42BD-8ABE-2FFBCD1CC268}.Debug|Any CPU.ActiveCfg = Debug|Any CPU
		{5BA158DE-7E14-42BD-8ABE-2FFBCD1CC268}.Debug|Any CPU.Build.0 = Debug|Any CPU
		{5BA158DE-7E14-42BD-8ABE-2FFBCD1CC268}.Debug|Mixed Platforms.ActiveCfg = Debug|Any CPU
		{5BA158DE-7E14-42BD-8ABE-2FFBCD1CC268}.Debug|Mixed Platforms.Build.0 = Debug|Any CPU
		{5BA158DE-7E14-42BD-8ABE-2FFBCD1CC268}.Debug|Win32.ActiveCfg = Debug|Any CPU
		{5BA158DE-7E14-42BD-8ABE-2FFBCD1CC268}.Release - Fast FPU|Any CPU.ActiveCfg = Release|Any CPU
		{5BA158DE-7E14-42BD-8ABE-2FFBCD1CC268}.Release - Fast FPU|Any CPU.Build.0 = Release|Any CPU
		{5BA158DE-7E14-42BD-8ABE-2FFBCD1CC268}.Release - Fast FPU|Mixed Platforms.ActiveCfg = Release|Any CPU
		{5BA158DE-7E14-42BD-8ABE-2FFBCD1CC268}.Release - Fast FPU|Mixed Platforms.Build.0 = Release|Any CPU
		{5BA158DE-7E14-42BD-8ABE-2FFBCD1CC268}.Release - Fast FPU|Win32.ActiveCfg = Release|Any CPU
		{5BA158DE-7E14-42BD-8ABE-2FFBCD1CC268}.Release_SSE|Any CPU.ActiveCfg = Release|Any CPU
		{5BA158DE-7E14-42BD-8ABE-2FFBCD1CC268}.Release_SSE|Any CPU.Build.0 = Release|Any CPU
		{5BA158DE-7E14-42BD-8ABE-2FFBCD1CC268}.Release_SSE|Mixed Platforms.ActiveCfg = Release|Any CPU
		{5BA158DE-7E14-42BD-8ABE-2FFBCD1CC268}.Release_SSE|Mixed Platforms.Build.0 = Release|Any CPU
		{5BA158DE-7E14-42BD-8ABE-2FFBCD1CC268}.Release_SSE|Win32.ActiveCfg = Release|Any CPU
		{5BA158DE-7E14-42BD-8ABE-2FFBCD1CC268}.Release_SSE2|Any CPU.ActiveCfg = Release|Any CPU
		{5BA158DE-7E14-42BD-8ABE-2FFBCD1CC268}.Release_SSE2|Any CPU.Build.0 = Release|Any CPU
		{5BA158DE-7E14-42BD-8ABE-2FFBCD1CC268}.Release_SSE2|Mixed Platforms.ActiveCfg = Release|Any CPU
		{5BA158DE-7E14-42BD-8ABE-2FFBCD1CC268}.Release_SSE2|Mixed Platforms.Build.0 = Release|Any CPU
		{5BA158DE-7E14-42BD-8ABE-2FFBCD1CC268}.Release_SSE2|Win32.ActiveCfg = Release|Any CPU
		{5BA158DE-7E14-42BD-8ABE-2FFBCD1CC268}.Release|Any CPU.ActiveCfg = Release|Any CPU
		{5BA158DE-7E14-42BD-8ABE-2FFBCD1CC268}.Release|Any CPU.Build.0 = Release|Any CPU
		{5BA158DE-7E14-42BD-8ABE-2FFBCD1CC268}.Release|Mixed Platforms.ActiveCfg = Release|Any CPU
		{5BA158DE-7E14-42BD-8ABE-2FFBCD1CC268}.Release|Mixed Platforms.Build.0 = Release|Any CPU
		{5BA158DE-7E14-42BD-8ABE-2FFBCD1CC268}.Release|Win32.ActiveCfg = Release|Any CPU
		{5BA158DE-7E14-42BD-8ABE-2FFBCD1CC268}.Static lib - Debug|Any CPU.ActiveCfg = Debug|Any CPU
		{5BA158DE-7E14-42BD-8ABE-2FFBCD1CC268}.Static lib - Debug|Any CPU.Build.0 = Debug|Any CPU
		{5BA158DE-7E14-42BD-8ABE-2FFBCD1CC268}.Static lib - Debug|Mixed Platforms.ActiveCfg = Debug|Any CPU
		{5BA158DE-7E14-42BD-8ABE-2FFBCD1CC268}.Static lib - Debug|Mixed Platforms.Build.0 = Debug|Any CPU
		{5BA158DE-7E14-42BD-8ABE-2FFBCD1CC268}.Static lib - Debug|Win32.ActiveCfg = Debug|Any CPU
		{5BA158DE-7E14-42BD-8ABE-2FFBCD1CC268}.Static lib - Release - Fast FPU|Any CPU.ActiveCfg = Release|Any CPU
		{5BA158DE-7E14-42BD-8ABE-2FFBCD1CC268}.Static lib - Release - Fast FPU|Any CPU.Build.0 = Release|Any CPU
		{5BA158DE-7E14-42BD-8ABE-2FFBCD1CC268}.Static lib - Release - Fast FPU|Mixed Platforms.ActiveCfg = Release|Any CPU
		{5BA158DE-7E14-42BD-8ABE-2FFBCD1CC268}.Static lib - Release - Fast FPU|Mixed Platforms.Build.0 = Release|Any CPU
		{5BA158DE-7E14-42BD-8ABE-2FFBCD1CC268}.Static lib - Release - Fast FPU|Win32.ActiveCfg = Release|Any CPU
		{5BA158DE-7E14-42BD-8ABE-2FFBCD1CC268}.Static lib - Release|Any CPU.ActiveCfg = Release|Any CPU
		{5BA158DE-7E14-42BD-8ABE-2FFBCD1CC268}.Static lib - Release|Any CPU.Build.0 = Release|Any CPU
		{5BA158DE-7E14-42BD-8ABE-2FFBCD1CC268}.Static lib - Release|Mixed Platforms.ActiveCfg = Release|Any CPU
		{5BA158DE-7E14-42BD-8ABE-2FFBCD1CC268}.Static lib - Release|Mixed Platforms.Build.0 = Release|Any CPU
		{5BA158DE-7E14-42BD-8ABE-2FFBCD1CC268}.Static lib - Release|Win32.ActiveCfg = Release|Any CPU
		{B2886585-F158-4870-95A5-564007987F45}.Debug - VBNETAddon|Any CPU.ActiveCfg = Debug|Any CPU
		{B2886585-F158-4870-95A5-564007987F45}.Debug - VBNETAddon|Any CPU.Build.0 = Debug|Any CPU
		{B2886585-F158-4870-95A5-564007987F45}.Debug - VBNETAddon|Mixed Platforms.ActiveCfg = Debug|Any CPU
		{B2886585-F158-4870-95A5-564007987F45}.Debug - VBNETAddon|Mixed Platforms.Build.0 = Debug|Any CPU
		{B2886585-F158-4870-95A5-564007987F45}.Debug - VBNETAddon|Win32.ActiveCfg = Debug|Any CPU
		{B2886585-F158-4870-95A5-564007987F45}.Debug|Any CPU.ActiveCfg = Debug|Any CPU
		{B2886585-F158-4870-95A5-564007987F45}.Debug|Any CPU.Build.0 = Debug|Any CPU
		{B2886585-F158-4870-95A5-564007987F45}.Debug|Mixed Platforms.ActiveCfg = Debug|Any CPU
		{B2886585-F158-4870-95A5-564007987F45}.Debug|Mixed Platforms.Build.0 = Debug|Any CPU
		{B2886585-F158-4870-95A5-564007987F45}.Debug|Win32.ActiveCfg = Debug|Any CPU
		{B2886585-F158-4870-95A5-564007987F45}.Release - Fast FPU|Any CPU.ActiveCfg = Release|Any CPU
		{B2886585-F158-4870-95A5-564007987F45}.Release - Fast FPU|Any CPU.Build.0 = Release|Any CPU
		{B2886585-F158-4870-95A5-564007987F45}.Release - Fast FPU|Mixed Platforms.ActiveCfg = Release|Any CPU
		{B2886585-F158-4870-95A5-564007987F45}.Release - Fast FPU|Mixed Platforms.Build.0 = Release|Any CPU
		{B2886585-F158-4870-95A5-564007987F45}.Release - Fast FPU|Win32.ActiveCfg = Release|Any CPU
		{B2886585-F158-4870-95A5-564007987F45}.Release_SSE|Any CPU.ActiveCfg = Release|Any CPU
		{B2886585-F158-4870-95A5-564007987F45}.Release_SSE|Any CPU.Build.0 = Release|Any CPU
		{B2886585-F158-4870-95A5-564007987F45}.Release_SSE|Mixed Platforms.ActiveCfg = Release|Any CPU
		{B2886585-F158-4870-95A5-564007987F45}.Release_SSE|Mixed Platforms.Build.0 = Release|Any CPU
		{B2886585-F158-4870-95A5-564007987F45}.Release_SSE|Win32.ActiveCfg = Release|Any CPU
		{B2886585-F158-4870-95A5-564007987F45}.Release_SSE2|Any CPU.ActiveCfg = Release|Any CPU
		{B2886585-F158-4870-95A5-564007987F45}.Release_SSE2|Any CPU.Build.0 = Release|Any CPU
		{B2886585-F158-4870-95A5-564007987F45}.Release_SSE2|Mixed Platforms.ActiveCfg = Release|Any CPU
		{B2886585-F158-4870-95A5-564007987F45}.Release_SSE2|Mixed Platforms.Build.0 = Release|Any CPU
		{B2886585-F158-4870-95A5-564007987F45}.Release_SSE2|Win32.ActiveCfg = Release|Any CPU
		{B2886585-F158-4870-95A5-564007987F45}.Release|Any CPU.ActiveCfg = Release|Any CPU
		{B2886585-F158-4870-95A5-564007987F45}.Release|Any CPU.Build.0 = Release|Any CPU
		{B2886585-F158-4870-95A5-564007987F45}.Release|Mixed Platforms.ActiveCfg = Release|Any CPU
		{B2886585-F158-4870-95A5-564007987F45}.Release|Mixed Platforms.Build.0 = Release|Any CPU
		{B2886585-F158-4870-95A5-564007987F45}.Release|Win32.ActiveCfg = Release|Any CPU
		{B2886585-F158-4870-95A5-564007987F45}.Static lib - Debug|Any CPU.ActiveCfg = Debug|Any CPU
		{B2886585-F158-4870-95A5-564007987F45}.Static lib - Debug|Any CPU.Build.0 = Debug|Any CPU
		{B2886585-F158-4870-95A5-564007987F45}.Static lib - Debug|Mixed Platforms.ActiveCfg = Debug|Any CPU
		{B2886585-F158-4870-95A5-564007987F45}.Static lib - Debug|Mixed Platforms.Build.0 = Debug|Any CPU
		{B2886585-F158-4870-95A5-564007987F45}.Static lib - Debug|Win32.ActiveCfg = Debug|Any CPU
		{B2886585-F158-4870-95A5-564007987F45}.Static lib - Release - Fast FPU|Any CPU.ActiveCfg = Release|Any CPU
		{B2886585-F158-4870-95A5-564007987F45}.Static lib - Release - Fast FPU|Any CPU.Build.0 = Release|Any CPU
		{B2886585-F158-4870-95A5-564007987F45}.Static lib - Release - Fast FPU|Mixed Platforms.ActiveCfg = Release|Any CPU
		{B2886585-F158-4870-95A5-564007987F45}.Static lib - Release - Fast FPU|Mixed Platforms.Build.0 = Release|Any CPU
		{B2886585-F158-4870-95A5-564007987F45}.Static lib - Release - Fast FPU|Win32.ActiveCfg = Release|Any CPU
		{B2886585-F158-4870-95A5-564007987F45}.Static lib - Release|Any CPU.ActiveCfg = Release|Any CPU
		{B2886585-F158-4870-95A5-564007987F45}.Static lib - Release|Any CPU.Build.0 = Release|Any CPU
		{B2886585-F158-4870-95A5-564007987F45}.Static lib - Release|Mixed Platforms.ActiveCfg = Release|Any CPU
		{B2886585-F158-4870-95A5-564007987F45}.Static lib - Release|Mixed Platforms.Build.0 = Release|Any CPU
		{B2886585-F158-4870-95A5-564007987F45}.Static lib - Release|Win32.ActiveCfg = Release|Any CPU
		{3A214E06-B95E-4D61-A291-1F8DF2EC10FD}.Debug - VBNETAddon|Any CPU.ActiveCfg = Debug|Win32
		{3A214E06-B95E-4D61-A291-1F8DF2EC10FD}.Debug - VBNETAddon|Mixed Platforms.ActiveCfg = Debug|Win32
		{3A214E06-B95E-4D61-A291-1F8DF2EC10FD}.Debug - VBNETAddon|Mixed Platforms.Build.0 = Debug|Win32
		{3A214E06-B95E-4D61-A291-1F8DF2EC10FD}.Debug - VBNETAddon|Win32.ActiveCfg = Debug|Win32
		{3A214E06-B95E-4D61-A291-1F8DF2EC10FD}.Debug - VBNETAddon|Win32.Build.0 = Debug|Win32
		{3A214E06-B95E-4D61-A291-1F8DF2EC10FD}.Debug|Any CPU.ActiveCfg = Debug|Win32
		{3A214E06-B95E-4D61-A291-1F8DF2EC10FD}.Debug|Mixed Platforms.ActiveCfg = Debug|Win32
		{3A214E06-B95E-4D61-A291-1F8DF2EC10FD}.Debug|Mixed Platforms.Build.0 = Debug|Win32
		{3A214E06-B95E-4D61-A291-1F8DF2EC10FD}.Debug|Win32.ActiveCfg = Debug|Win32
		{3A214E06-B95E-4D61-A291-1F8DF2EC10FD}.Debug|Win32.Build.0 = Debug|Win32
		{3A214E06-B95E-4D61-A291-1F8DF2EC10FD}.Release - Fast FPU|Any CPU.ActiveCfg = Release_SSE2|Win32
		{3A214E06-B95E-4D61-A291-1F8DF2EC10FD}.Release - Fast FPU|Mixed Platforms.ActiveCfg = Release_SSE2|Win32
		{3A214E06-B95E-4D61-A291-1F8DF2EC10FD}.Release - Fast FPU|Mixed Platforms.Build.0 = Release_SSE2|Win32
		{3A214E06-B95E-4D61-A291-1F8DF2EC10FD}.Release - Fast FPU|Win32.ActiveCfg = Release_SSE2|Win32
		{3A214E06-B95E-4D61-A291-1F8DF2EC10FD}.Release - Fast FPU|Win32.Build.0 = Release_SSE2|Win32
		{3A214E06-B95E-4D61-A291-1F8DF2EC10FD}.Release_SSE|Any CPU.ActiveCfg = Release_SSE|Win32
		{3A214E06-B95E-4D61-A291-1F8DF2EC10FD}.Release_SSE|Mixed Platforms.ActiveCfg = Release_SSE|Win32
		{3A214E06-B95E-4D61-A291-1F8DF2EC10FD}.Release_SSE|Mixed Platforms.Build.0 = Release_SSE|Win32
		{3A214E06-B95E-4D61-A291-1F8DF2EC10FD}.Release_SSE|Win32.ActiveCfg = Release_SSE|Win32
		{3A214E06-B95E-4D61-A291-1F8DF2EC10FD}.Release_SSE|Win32.Build.0 = Release_SSE|Win32
		{3A214E06-B95E-4D61-A291-1F8DF2EC10FD}.Release_SSE2|Any CPU.ActiveCfg = Release_SSE2|Win32
		{3A214E06-B95E-4D61-A291-1F8DF2EC10FD}.Release_SSE2|Mixed Platforms.ActiveCfg = Release_SSE2|Win32
		{3A214E06-B95E-4D61-A291-1F8DF2EC10FD}.Release_SSE2|Mixed Platforms.Build.0 = Release_SSE2|Win32
		{3A214E06-B95E-4D61-A291-1F8DF2EC10FD}.Release_SSE2|Win32.ActiveCfg = Release_SSE2|Win32
		{3A214E06-B95E-4D61-A291-1F8DF2EC10FD}.Release_SSE2|Win32.Build.0 = Release_SSE2|Win32
		{3A214E06-B95E-4D61-A291-1F8DF2EC10FD}.Release|Any CPU.ActiveCfg = Release|Win32
		{3A214E06-B95E-4D61-A291-1F8DF2EC10FD}.Release|Mixed Platforms.ActiveCfg = Release|Win32
		{3A214E06-B95E-4D61-A291-1F8DF2EC10FD}.Release|Mixed Platforms.Build.0 = Release|Win32
		{3A214E06-B95E-4D61-A291-1F8DF2EC10FD}.Release|Win32.ActiveCfg = Release|Win32
		{3A214E06-B95E-4D61-A291-1F8DF2EC10FD}.Release|Win32.Build.0 = Release|Win32
		{3A214E06-B95E-4D61-A291-1F8DF2EC10FD}.Static lib - Debug|Any CPU.ActiveCfg = Debug|Win32
		{3A214E06-B95E-4D61-A291-1F8DF2EC10FD}.Static lib - Debug|Mixed Platforms.ActiveCfg = Debug|Win32
		{3A214E06-B95E-4D61-A291-1F8DF2EC10FD}.Static lib - Debug|Mixed Platforms.Build.0 = Debug|Win32
		{3A214E06-B95E-4D61-A291-1F8DF2EC10FD}.Static lib - Debug|Win32.ActiveCfg = Debug|Win32
		{3A214E06-B95E-4D61-A291-1F8DF2EC10FD}.Static lib - Debug|Win32.Build.0 = Debug|Win32
		{3A214E06-B95E-4D61-A291-1F8DF2EC10FD}.Static lib - Release - Fast FPU|Any CPU.ActiveCfg = Release|Win32
		{3A214E06-B95E-4D61-A291-1F8DF2EC10FD}.Static lib - Release - Fast FPU|Mixed Platforms.ActiveCfg = Release|Win32
		{3A214E06-B95E-4D61-A291-1F8DF2EC10FD}.Static lib - Release - Fast FPU|Mixed Platforms.Build.0 = Release|Win32
		{3A214E06-B95E-4D61-A291-1F8DF2EC10FD}.Static lib - Release - Fast FPU|Win32.ActiveCfg = Release|Win32
		{3A214E06-B95E-4D61-A291-1F8DF2EC10FD}.Static lib - Release - Fast FPU|Win32.Build.0 = Release|Win32
		{3A214E06-B95E-4D61-A291-1F8DF2EC10FD}.Static lib - Release|Any CPU.ActiveCfg = Release|Win32
		{3A214E06-B95E-4D61-A291-1F8DF2EC10FD}.Static lib - Release|Mixed Platforms.ActiveCfg = Release|Win32
		{3A214E06-B95E-4D61-A291-1F8DF2EC10FD}.Static lib - Release|Mixed Platforms.Build.0 = Release|Win32
		{3A214E06-B95E-4D61-A291-1F8DF2EC10FD}.Static lib - Release|Win32.ActiveCfg = Release|Win32
		{3A214E06-B95E-4D61-A291-1F8DF2EC10FD}.Static lib - Release|Win32.Build.0 = Release|Win32
		{CEBDE98B-A6AA-46E6-BC79-FAAF823DB9EC}.Debug - VBNETAddon|Any CPU.ActiveCfg = Debug|Win32
		{CEBDE98B-A6AA-46E6-BC79-FAAF823DB9EC}.Debug - VBNETAddon|Mixed Platforms.ActiveCfg = Debug|Win32
		{CEBDE98B-A6AA-46E6-BC79-FAAF823DB9EC}.Debug - VBNETAddon|Mixed Platforms.Build.0 = Debug|Win32
		{CEBDE98B-A6AA-46E6-BC79-FAAF823DB9EC}.Debug - VBNETAddon|Win32.ActiveCfg = Debug|Win32
		{CEBDE98B-A6AA-46E6-BC79-FAAF823DB9EC}.Debug - VBNETAddon|Win32.Build.0 = Debug|Win32
		{CEBDE98B-A6AA-46E6-BC79-FAAF823DB9EC}.Debug|Any CPU.ActiveCfg = Debug|Win32
		{CEBDE98B-A6AA-46E6-BC79-FAAF823DB9EC}.Debug|Mixed Platforms.ActiveCfg = Debug|Win32
		{CEBDE98B-A6AA-46E6-BC79-FAAF823DB9EC}.Debug|Mixed Platforms.Build.0 = Debug|Win32
		{CEBDE98B-A6AA-46E6-BC79-FAAF823DB9EC}.Debug|Win32.ActiveCfg = Debug|Win32
		{CEBDE98B-A6AA-46E6-BC79-FAAF823DB9EC}.Debug|Win32.Build.0 = Debug|Win32
		{CEBDE98B-A6AA-46E6-BC79-FAAF823DB9EC}.Release - Fast FPU|Any CPU.ActiveCfg = Release|Win32
		{CEBDE98B-A6AA-46E6-BC79-FAAF823DB9EC}.Release - Fast FPU|Mixed Platforms.ActiveCfg = Release|Win32
		{CEBDE98B-A6AA-46E6-BC79-FAAF823DB9EC}.Release - Fast FPU|Mixed Platforms.Build.0 = Release|Win32
		{CEBDE98B-A6AA-46E6-BC79-FAAF823DB9EC}.Release - Fast FPU|Win32.ActiveCfg = Release|Win32
		{CEBDE98B-A6AA-46E6-BC79-FAAF823DB9EC}.Release - Fast FPU|Win32.Build.0 = Release|Win32
		{CEBDE98B-A6AA-46E6-BC79-FAAF823DB9EC}.Release_SSE|Any CPU.ActiveCfg = Release|Win32
		{CEBDE98B-A6AA-46E6-BC79-FAAF823DB9EC}.Release_SSE|Mixed Platforms.ActiveCfg = Release|Win32
		{CEBDE98B-A6AA-46E6-BC79-FAAF823DB9EC}.Release_SSE|Mixed Platforms.Build.0 = Release|Win32
		{CEBDE98B-A6AA-46E6-BC79-FAAF823DB9EC}.Release_SSE|Win32.ActiveCfg = Release|Win32
		{CEBDE98B-A6AA-46E6-BC79-FAAF823DB9EC}.Release_SSE|Win32.Build.0 = Release|Win32
		{CEBDE98B-A6AA-46E6-BC79-FAAF823DB9EC}.Release_SSE2|Any CPU.ActiveCfg = Release|Win32
		{CEBDE98B-A6AA-46E6-BC79-FAAF823DB9EC}.Release_SSE2|Mixed Platforms.ActiveCfg = Release|Win32
		{CEBDE98B-A6AA-46E6-BC79-FAAF823DB9EC}.Release_SSE2|Mixed Platforms.Build.0 = Release|Win32
		{CEBDE98B-A6AA-46E6-BC79-FAAF823DB9EC}.Release_SSE2|Win32.ActiveCfg = Release|Win32
		{CEBDE98B-A6AA-46E6-BC79-FAAF823DB9EC}.Release_SSE2|Win32.Build.0 = Release|Win32
		{CEBDE98B-A6AA-46E6-BC79-FAAF823DB9EC}.Release|Any CPU.ActiveCfg = Release|Win32
		{CEBDE98B-A6AA-46E6-BC79-FAAF823DB9EC}.Release|Mixed Platforms.ActiveCfg = Release|Win32
		{CEBDE98B-A6AA-46E6-BC79-FAAF823DB9EC}.Release|Mixed Platforms.Build.0 = Release|Win32
		{CEBDE98B-A6AA-46E6-BC79-FAAF823DB9EC}.Release|Win32.ActiveCfg = Release|Win32
		{CEBDE98B-A6AA-46E6-BC79-FAAF823DB9EC}.Release|Win32.Build.0 = Release|Win32
		{CEBDE98B-A6AA-46E6-BC79-FAAF823DB9EC}.Static lib - Debug|Any CPU.ActiveCfg = Debug|Win32
		{CEBDE98B-A6AA-46E6-BC79-FAAF823DB9EC}.Static lib - Debug|Mixed Platforms.ActiveCfg = Debug|Win32
		{CEBDE98B-A6AA-46E6-BC79-FAAF823DB9EC}.Static lib - Debug|Mixed Platforms.Build.0 = Debug|Win32
		{CEBDE98B-A6AA-46E6-BC79-FAAF823DB9EC}.Static lib - Debug|Win32.ActiveCfg = Debug|Win32
		{CEBDE98B-A6AA-46E6-BC79-FAAF823DB9EC}.Static lib - Debug|Win32.Build.0 = Debug|Win32
		{CEBDE98B-A6AA-46E6-BC79-FAAF823DB9EC}.Static lib - Release - Fast FPU|Any CPU.ActiveCfg = Release|Win32
		{CEBDE98B-A6AA-46E6-BC79-FAAF823DB9EC}.Static lib - Release - Fast FPU|Mixed Platforms.ActiveCfg = Release|Win32
		{CEBDE98B-A6AA-46E6-BC79-FAAF823DB9EC}.Static lib - Release - Fast FPU|Mixed Platforms.Build.0 = Release|Win32
		{CEBDE98B-A6AA-46E6-BC79-FAAF823DB9EC}.Static lib - Release - Fast FPU|Win32.ActiveCfg = Release|Win32
		{CEBDE98B-A6AA-46E6-BC79-FAAF823DB9EC}.Static lib - Release - Fast FPU|Win32.Build.0 = Release|Win32
		{CEBDE98B-A6AA-46E6-BC79-FAAF823DB9EC}.Static lib - Release|Any CPU.ActiveCfg = Release|Win32
		{CEBDE98B-A6AA-46E6-BC79-FAAF823DB9EC}.Static lib - Release|Mixed Platforms.ActiveCfg = Release|Win32
		{CEBDE98B-A6AA-46E6-BC79-FAAF823DB9EC}.Static lib - Release|Mixed Platforms.Build.0 = Release|Win32
		{CEBDE98B-A6AA-46E6-BC79-FAAF823DB9EC}.Static lib - Release|Win32.ActiveCfg = Release|Win32
		{CEBDE98B-A6AA-46E6-BC79-FAAF823DB9EC}.Static lib - Release|Win32.Build.0 = Release|Win32
		{F564E903-593D-4454-B8B9-A67D9D6919DB}.Debug - VBNETAddon|Any CPU.ActiveCfg = Debug|Win32
		{F564E903-593D-4454-B8B9-A67D9D6919DB}.Debug - VBNETAddon|Mixed Platforms.ActiveCfg = Debug|Win32
		{F564E903-593D-4454-B8B9-A67D9D6919DB}.Debug - VBNETAddon|Mixed Platforms.Build.0 = Debug|Win32
		{F564E903-593D-4454-B8B9-A67D9D6919DB}.Debug - VBNETAddon|Win32.ActiveCfg = Debug|Win32
		{F564E903-593D-4454-B8B9-A67D9D6919DB}.Debug - VBNETAddon|Win32.Build.0 = Debug|Win32
		{F564E903-593D-4454-B8B9-A67D9D6919DB}.Debug|Any CPU.ActiveCfg = Debug|Win32
		{F564E903-593D-4454-B8B9-A67D9D6919DB}.Debug|Mixed Platforms.ActiveCfg = Debug|Win32
		{F564E903-593D-4454-B8B9-A67D9D6919DB}.Debug|Mixed Platforms.Build.0 = Debug|Win32
		{F564E903-593D-4454-B8B9-A67D9D6919DB}.Debug|Win32.ActiveCfg = Debug|Win32
		{F564E903-593D-4454-B8B9-A67D9D6919DB}.Debug|Win32.Build.0 = Debug|Win32
		{F564E903-593D-4454-B8B9-A67D9D6919DB}.Release - Fast FPU|Any CPU.ActiveCfg = Release - Fast FPU|Win32
		{F564E903-593D-4454-B8B9-A67D9D6919DB}.Release - Fast FPU|Mixed Platforms.ActiveCfg = Release - Fast FPU|Win32
		{F564E903-593D-4454-B8B9-A67D9D6919DB}.Release - Fast FPU|Mixed Platforms.Build.0 = Release - Fast FPU|Win32
		{F564E903-593D-4454-B8B9-A67D9D6919DB}.Release - Fast FPU|Win32.ActiveCfg = Release - Fast FPU|Win32
		{F564E903-593D-4454-B8B9-A67D9D6919DB}.Release - Fast FPU|Win32.Build.0 = Release - Fast FPU|Win32
		{F564E903-593D-4454-B8B9-A67D9D6919DB}.Release_SSE|Any CPU.ActiveCfg = Release - Fast FPU|Win32
		{F564E903-593D-4454-B8B9-A67D9D6919DB}.Release_SSE|Mixed Platforms.ActiveCfg = Release - Fast FPU|Win32
		{F564E903-593D-4454-B8B9-A67D9D6919DB}.Release_SSE|Mixed Platforms.Build.0 = Release - Fast FPU|Win32
		{F564E903-593D-4454-B8B9-A67D9D6919DB}.Release_SSE|Win32.ActiveCfg = Release - Fast FPU|Win32
		{F564E903-593D-4454-B8B9-A67D9D6919DB}.Release_SSE|Win32.Build.0 = Release - Fast FPU|Win32
		{F564E903-593D-4454-B8B9-A67D9D6919DB}.Release_SSE2|Any CPU.ActiveCfg = Release - Fast FPU|Win32
		{F564E903-593D-4454-B8B9-A67D9D6919DB}.Release_SSE2|Mixed Platforms.ActiveCfg = Release - Fast FPU|Win32
		{F564E903-593D-4454-B8B9-A67D9D6919DB}.Release_SSE2|Mixed Platforms.Build.0 = Release - Fast FPU|Win32
		{F564E903-593D-4454-B8B9-A67D9D6919DB}.Release_SSE2|Win32.ActiveCfg = Release - Fast FPU|Win32
		{F564E903-593D-4454-B8B9-A67D9D6919DB}.Release_SSE2|Win32.Build.0 = Release - Fast FPU|Win32
		{F564E903-593D-4454-B8B9-A67D9D6919DB}.Release|Any CPU.ActiveCfg = Release|Win32
		{F564E903-593D-4454-B8B9-A67D9D6919DB}.Release|Mixed Platforms.ActiveCfg = Release|Win32
		{F564E903-593D-4454-B8B9-A67D9D6919DB}.Release|Mixed Platforms.Build.0 = Release|Win32
		{F564E903-593D-4454-B8B9-A67D9D6919DB}.Release|Win32.ActiveCfg = Release|Win32
		{F564E903-593D-4454-B8B9-A67D9D6919DB}.Release|Win32.Build.0 = Release|Win32
		{F564E903-593D-4454-B8B9-A67D9D6919DB}.Static lib - Debug|Any CPU.ActiveCfg = Static lib - Debug|Win32
		{F564E903-593D-4454-B8B9-A67D9D6919DB}.Static lib - Debug|Mixed Platforms.ActiveCfg = Static lib - Debug|Win32
		{F564E903-593D-4454-B8B9-A67D9D6919DB}.Static lib - Debug|Mixed Platforms.Build.0 = Static lib - Debug|Win32
		{F564E903-593D-4454-B8B9-A67D9D6919DB}.Static lib - Debug|Win32.ActiveCfg = Static lib - Debug|Win32
		{F564E903-593D-4454-B8B9-A67D9D6919DB}.Static lib - Debug|Win32.Build.0 = Static lib - Debug|Win32
		{F564E903-593D-4454-B8B9-A67D9D6919DB}.Static lib - Release - Fast FPU|Any CPU.ActiveCfg = Static lib - Release - Fast FPU|Win32
		{F564E903-593D-4454-B8B9-A67D9D6919DB}.Static lib - Release - Fast FPU|Mixed Platforms.ActiveCfg = Static lib - Release - Fast FPU|Win32
		{F564E903-593D-4454-B8B9-A67D9D6919DB}.Static lib - Release - Fast FPU|Mixed Platforms.Build.0 = Static lib - Release - Fast FPU|Win32
		{F564E903-593D-4454-B8B9-A67D9D6919DB}.Static lib - Release - Fast FPU|Win32.ActiveCfg = Static lib - Release - Fast FPU|Win32
		{F564E903-593D-4454-B8B9-A67D9D6919DB}.Static lib - Release - Fast FPU|Win32.Build.0 = Static lib - Release - Fast FPU|Win32
		{F564E903-593D-4454-B8B9-A67D9D6919DB}.Static lib - Release|Any CPU.ActiveCfg = Static lib - Release|Win32
		{F564E903-593D-4454-B8B9-A67D9D6919DB}.Static lib - Release|Mixed Platforms.ActiveCfg = Static lib - Release|Win32
		{F564E903-593D-4454-B8B9-A67D9D6919DB}.Static lib - Release|Mixed Platforms.Build.0 = Static lib - Release|Win32
		{F564E903-593D-4454-B8B9-A67D9D6919DB}.Static lib - Release|Win32.ActiveCfg = Static lib - Release|Win32
		{F564E903-593D-4454-B8B9-A67D9D6919DB}.Static lib - Release|Win32.Build.0 = Static lib - Release|Win32
		{0A1BC181-863C-45F5-8A33-A41A2321E42B}.Debug - VBNETAddon|Any CPU.ActiveCfg = Debug - VBNETAddon|Win32
		{0A1BC181-863C-45F5-8A33-A41A2321E42B}.Debug - VBNETAddon|Mixed Platforms.ActiveCfg = Debug - VBNETAddon|Win32
		{0A1BC181-863C-45F5-8A33-A41A2321E42B}.Debug - VBNETAddon|Mixed Platforms.Build.0 = Debug - VBNETAddon|Win32
		{0A1BC181-863C-45F5-8A33-A41A2321E42B}.Debug - VBNETAddon|Win32.ActiveCfg = Debug - VBNETAddon|Win32
		{0A1BC181-863C-45F5-8A33-A41A2321E42B}.Debug - VBNETAddon|Win32.Build.0 = Debug - VBNETAddon|Win32
		{0A1BC181-863C-45F5-8A33-A41A2321E42B}.Debug|Any CPU.ActiveCfg = Debug|Win32
		{0A1BC181-863C-45F5-8A33-A41A2321E42B}.Debug|Mixed Platforms.ActiveCfg = Debug|Win32
		{0A1BC181-863C-45F5-8A33-A41A2321E42B}.Debug|Mixed Platforms.Build.0 = Debug|Win32
		{0A1BC181-863C-45F5-8A33-A41A2321E42B}.Debug|Win32.ActiveCfg = Debug|Win32
		{0A1BC181-863C-45F5-8A33-A41A2321E42B}.Debug|Win32.Build.0 = Debug|Win32
		{0A1BC181-863C-45F5-8A33-A41A2321E42B}.Release - Fast FPU|Any CPU.ActiveCfg = Release|Win32
		{0A1BC181-863C-45F5-8A33-A41A2321E42B}.Release - Fast FPU|Mixed Platforms.ActiveCfg = Release|Win32
		{0A1BC181-863C-45F5-8A33-A41A2321E42B}.Release - Fast FPU|Mixed Platforms.Build.0 = Release|Win32
		{0A1BC181-863C-45F5-8A33-A41A2321E42B}.Release - Fast FPU|Win32.ActiveCfg = Release|Win32
		{0A1BC181-863C-45F5-8A33-A41A2321E42B}.Release - Fast FPU|Win32.Build.0 = Release|Win32
		{0A1BC181-863C-45F5-8A33-A41A2321E42B}.Release_SSE|Any CPU.ActiveCfg = Release|Win32
		{0A1BC181-863C-45F5-8A33-A41A2321E42B}.Release_SSE|Mixed Platforms.ActiveCfg = Release|Win32
		{0A1BC181-863C-45F5-8A33-A41A2321E42B}.Release_SSE|Mixed Platforms.Build.0 = Release|Win32
		{0A1BC181-863C-45F5-8A33-A41A2321E42B}.Release_SSE|Win32.ActiveCfg = Release|Win32
		{0A1BC181-863C-45F5-8A33-A41A2321E42B}.Release_SSE|Win32.Build.0 = Release|Win32
		{0A1BC181-863C-45F5-8A33-A41A2321E42B}.Release_SSE2|Any CPU.ActiveCfg = Release|Win32
		{0A1BC181-863C-45F5-8A33-A41A2321E42B}.Release_SSE2|Mixed Platforms.ActiveCfg = Release|Win32
		{0A1BC181-863C-45F5-8A33-A41A2321E42B}.Release_SSE2|Mixed Platforms.Build.0 = Release|Win32
		{0A1BC181-863C-45F5-8A33-A41A2321E42B}.Release_SSE2|Win32.ActiveCfg = Release|Win32
		{0A1BC181-863C-45F5-8A33-A41A2321E42B}.Release_SSE2|Win32.Build.0 = Release|Win32
		{0A1BC181-863C-45F5-8A33-A41A2321E42B}.Release|Any CPU.ActiveCfg = Release|Win32
		{0A1BC181-863C-45F5-8A33-A41A2321E42B}.Release|Mixed Platforms.ActiveCfg = Release|Win32
		{0A1BC181-863C-45F5-8A33-A41A2321E42B}.Release|Mixed Platforms.Build.0 = Release|Win32
		{0A1BC181-863C-45F5-8A33-A41A2321E42B}.Release|Win32.ActiveCfg = Release|Win32
		{0A1BC181-863C-45F5-8A33-A41A2321E42B}.Release|Win32.Build.0 = Release|Win32
		{0A1BC181-863C-45F5-8A33-A41A2321E42B}.Static lib - Debug|Any CPU.ActiveCfg = Debug|Win32
		{0A1BC181-863C-45F5-8A33-A41A2321E42B}.Static lib - Debug|Mixed Platforms.ActiveCfg = Debug|Win32
		{0A1BC181-863C-45F5-8A33-A41A2321E42B}.Static lib - Debug|Mixed Platforms.Build.0 = Debug|Win32
		{0A1BC181-863C-45F5-8A33-A41A2321E42B}.Static lib - Debug|Win32.ActiveCfg = Debug|Win32
		{0A1BC181-863C-45F5-8A33-A41A2321E42B}.Static lib - Debug|Win32.Build.0 = Debug|Win32
		{0A1BC181-863C-45F5-8A33-A41A2321E42B}.Static lib - Release - Fast FPU|Any CPU.ActiveCfg = Release|Win32
		{0A1BC181-863C-45F5-8A33-A41A2321E42B}.Static lib - Release - Fast FPU|Mixed Platforms.ActiveCfg = Release|Win32
		{0A1BC181-863C-45F5-8A33-A41A2321E42B}.Static lib - Release - Fast FPU|Mixed Platforms.Build.0 = Release|Win32
		{0A1BC181-863C-45F5-8A33-A41A2321E42B}.Static lib - Release - Fast FPU|Win32.ActiveCfg = Release|Win32
		{0A1BC181-863C-45F5-8A33-A41A2321E42B}.Static lib - Release - Fast FPU|Win32.Build.0 = Release|Win32
		{0A1BC181-863C-45F5-8A33-A41A2321E42B}.Static lib - Release|Any CPU.ActiveCfg = Release|Win32
		{0A1BC181-863C-45F5-8A33-A41A2321E42B}.Static lib - Release|Mixed Platforms.ActiveCfg = Release|Win32
		{0A1BC181-863C-45F5-8A33-A41A2321E42B}.Static lib - Release|Mixed Platforms.Build.0 = Release|Win32
		{0A1BC181-863C-45F5-8A33-A41A2321E42B}.Static lib - Release|Win32.ActiveCfg = Release|Win32
		{0A1BC181-863C-45F5-8A33-A41A2321E42B}.Static lib - Release|Win32.Build.0 = Release|Win32
		{07149BCB-BE8A-4503-BE18-815D64233116}.Debug - VBNETAddon|Any CPU.ActiveCfg = Debug|Win32
		{07149BCB-BE8A-4503-BE18-815D64233116}.Debug - VBNETAddon|Mixed Platforms.ActiveCfg = Debug|Win32
		{07149BCB-BE8A-4503-BE18-815D64233116}.Debug - VBNETAddon|Mixed Platforms.Build.0 = Debug|Win32
		{07149BCB-BE8A-4503-BE18-815D64233116}.Debug - VBNETAddon|Win32.ActiveCfg = Debug|Win32
		{07149BCB-BE8A-4503-BE18-815D64233116}.Debug - VBNETAddon|Win32.Build.0 = Debug|Win32
		{07149BCB-BE8A-4503-BE18-815D64233116}.Debug|Any CPU.ActiveCfg = Debug|Win32
		{07149BCB-BE8A-4503-BE18-815D64233116}.Debug|Mixed Platforms.ActiveCfg = Debug|Win32
		{07149BCB-BE8A-4503-BE18-815D64233116}.Debug|Mixed Platforms.Build.0 = Debug|Win32
		{07149BCB-BE8A-4503-BE18-815D64233116}.Debug|Win32.ActiveCfg = Debug|Win32
		{07149BCB-BE8A-4503-BE18-815D64233116}.Debug|Win32.Build.0 = Debug|Win32
		{07149BCB-BE8A-4503-BE18-815D64233116}.Release - Fast FPU|Any CPU.ActiveCfg = Release|Win32
		{07149BCB-BE8A-4503-BE18-815D64233116}.Release - Fast FPU|Mixed Platforms.ActiveCfg = Release|Win32
		{07149BCB-BE8A-4503-BE18-815D64233116}.Release - Fast FPU|Mixed Platforms.Build.0 = Release|Win32
		{07149BCB-BE8A-4503-BE18-815D64233116}.Release - Fast FPU|Win32.ActiveCfg = Release|Win32
		{07149BCB-BE8A-4503-BE18-815D64233116}.Release - Fast FPU|Win32.Build.0 = Release|Win32
		{07149BCB-BE8A-4503-BE18-815D64233116}.Release_SSE|Any CPU.ActiveCfg = Release|Win32
		{07149BCB-BE8A-4503-BE18-815D64233116}.Release_SSE|Mixed Platforms.ActiveCfg = Release|Win32
		{07149BCB-BE8A-4503-BE18-815D64233116}.Release_SSE|Mixed Platforms.Build.0 = Release|Win32
		{07149BCB-BE8A-4503-BE18-815D64233116}.Release_SSE|Win32.ActiveCfg = Release|Win32
		{07149BCB-BE8A-4503-BE18-815D64233116}.Release_SSE|Win32.Build.0 = Release|Win32
		{07149BCB-BE8A-4503-BE18-815D64233116}.Release_SSE2|Any CPU.ActiveCfg = Release|Win32
		{07149BCB-BE8A-4503-BE18-815D64233116}.Release_SSE2|Mixed Platforms.ActiveCfg = Release|Win32
		{07149BCB-BE8A-4503-BE18-815D64233116}.Release_SSE2|Mixed Platforms.Build.0 = Release|Win32
		{07149BCB-BE8A-4503-BE18-815D64233116}.Release_SSE2|Win32.ActiveCfg = Release|Win32
		{07149BCB-BE8A-4503-BE18-815D64233116}.Release_SSE2|Win32.Build.0 = Release|Win32
		{07149BCB-BE8A-4503-BE18-815D64233116}.Release|Any CPU.ActiveCfg = Release|Win32
		{07149BCB-BE8A-4503-BE18-815D64233116}.Release|Mixed Platforms.ActiveCfg = Release|Win32
		{07149BCB-BE8A-4503-BE18-815D64233116}.Release|Mixed Platforms.Build.0 = Release|Win32
		{07149BCB-BE8A-4503-BE18-815D64233116}.Release|Win32.ActiveCfg = Release|Win32
		{07149BCB-BE8A-4503-BE18-815D64233116}.Release|Win32.Build.0 = Release|Win32
		{07149BCB-BE8A-4503-BE18-815D64233116}.Static lib - Debug|Any CPU.ActiveCfg = Debug|Win32
		{07149BCB-BE8A-4503-BE18-815D64233116}.Static lib - Debug|Mixed Platforms.ActiveCfg = Debug|Win32
		{07149BCB-BE8A-4503-BE18-815D64233116}.Static lib - Debug|Mixed Platforms.Build.0 = Debug|Win32
		{07149BCB-BE8A-4503-BE18-815D64233116}.Static lib - Debug|Win32.ActiveCfg = Debug|Win32
		{07149BCB-BE8A-4503-BE18-815D64233116}.Static lib - Debug|Win32.Build.0 = Debug|Win32
		{07149BCB-BE8A-4503-BE18-815D64233116}.Static lib - Release - Fast FPU|Any CPU.ActiveCfg = Release|Win32
		{07149BCB-BE8A-4503-BE18-815D64233116}.Static lib - Release - Fast FPU|Mixed Platforms.ActiveCfg = Release|Win32
		{07149BCB-BE8A-4503-BE18-815D64233116}.Static lib - Release - Fast FPU|Mixed Platforms.Build.0 = Release|Win32
		{07149BCB-BE8A-4503-BE18-815D64233116}.Static lib - Release - Fast FPU|Win32.ActiveCfg = Release|Win32
		{07149BCB-BE8A-4503-BE18-815D64233116}.Static lib - Release - Fast FPU|Win32.Build.0 = Release|Win32
		{07149BCB-BE8A-4503-BE18-815D64233116}.Static lib - Release|Any CPU.ActiveCfg = Release|Win32
		{07149BCB-BE8A-4503-BE18-815D64233116}.Static lib - Release|Mixed Platforms.ActiveCfg = Release|Win32
		{07149BCB-BE8A-4503-BE18-815D64233116}.Static lib - Release|Mixed Platforms.Build.0 = Release|Win32
		{07149BCB-BE8A-4503-BE18-815D64233116}.Static lib - Release|Win32.ActiveCfg = Release|Win32
		{07149BCB-BE8A-4503-BE18-815D64233116}.Static lib - Release|Win32.Build.0 = Release|Win32
		{15CBFEFF-7965-41F5-B4E2-21E8795C9159}.Debug - VBNETAddon|Any CPU.ActiveCfg = Debug|Win32
		{15CBFEFF-7965-41F5-B4E2-21E8795C9159}.Debug - VBNETAddon|Mixed Platforms.ActiveCfg = Debug|Win32
		{15CBFEFF-7965-41F5-B4E2-21E8795C9159}.Debug - VBNETAddon|Mixed Platforms.Build.0 = Debug|Win32
		{15CBFEFF-7965-41F5-B4E2-21E8795C9159}.Debug - VBNETAddon|Win32.ActiveCfg = Debug|Win32
		{15CBFEFF-7965-41F5-B4E2-21E8795C9159}.Debug - VBNETAddon|Win32.Build.0 = Debug|Win32
		{15CBFEFF-7965-41F5-B4E2-21E8795C9159}.Debug|Any CPU.ActiveCfg = Debug|Win32
		{15CBFEFF-7965-41F5-B4E2-21E8795C9159}.Debug|Mixed Platforms.ActiveCfg = Debug|Win32
		{15CBFEFF-7965-41F5-B4E2-21E8795C9159}.Debug|Mixed Platforms.Build.0 = Debug|Win32
		{15CBFEFF-7965-41F5-B4E2-21E8795C9159}.Debug|Win32.ActiveCfg = Debug|Win32
		{15CBFEFF-7965-41F5-B4E2-21E8795C9159}.Debug|Win32.Build.0 = Debug|Win32
		{15CBFEFF-7965-41F5-B4E2-21E8795C9159}.Release - Fast FPU|Any CPU.ActiveCfg = Release_SSE2|Win32
		{15CBFEFF-7965-41F5-B4E2-21E8795C9159}.Release - Fast FPU|Mixed Platforms.ActiveCfg = Release_SSE2|Win32
		{15CBFEFF-7965-41F5-B4E2-21E8795C9159}.Release - Fast FPU|Mixed Platforms.Build.0 = Release_SSE2|Win32
		{15CBFEFF-7965-41F5-B4E2-21E8795C9159}.Release - Fast FPU|Win32.ActiveCfg = Release_SSE2|Win32
		{15CBFEFF-7965-41F5-B4E2-21E8795C9159}.Release - Fast FPU|Win32.Build.0 = Release_SSE2|Win32
		{15CBFEFF-7965-41F5-B4E2-21E8795C9159}.Release_SSE|Any CPU.ActiveCfg = Release_SSE|Win32
		{15CBFEFF-7965-41F5-B4E2-21E8795C9159}.Release_SSE|Mixed Platforms.ActiveCfg = Release_SSE|Win32
		{15CBFEFF-7965-41F5-B4E2-21E8795C9159}.Release_SSE|Mixed Platforms.Build.0 = Release_SSE|Win32
		{15CBFEFF-7965-41F5-B4E2-21E8795C9159}.Release_SSE|Win32.ActiveCfg = Release_SSE|Win32
		{15CBFEFF-7965-41F5-B4E2-21E8795C9159}.Release_SSE|Win32.Build.0 = Release_SSE|Win32
		{15CBFEFF-7965-41F5-B4E2-21E8795C9159}.Release_SSE2|Any CPU.ActiveCfg = Release_SSE2|Win32
		{15CBFEFF-7965-41F5-B4E2-21E8795C9159}.Release_SSE2|Mixed Platforms.ActiveCfg = Release_SSE2|Win32
		{15CBFEFF-7965-41F5-B4E2-21E8795C9159}.Release_SSE2|Mixed Platforms.Build.0 = Release_SSE2|Win32
		{15CBFEFF-7965-41F5-B4E2-21E8795C9159}.Release_SSE2|Win32.ActiveCfg = Release_SSE2|Win32
		{15CBFEFF-7965-41F5-B4E2-21E8795C9159}.Release_SSE2|Win32.Build.0 = Release_SSE2|Win32
		{15CBFEFF-7965-41F5-B4E2-21E8795C9159}.Release|Any CPU.ActiveCfg = Release|Win32
		{15CBFEFF-7965-41F5-B4E2-21E8795C9159}.Release|Mixed Platforms.ActiveCfg = Release|Win32
		{15CBFEFF-7965-41F5-B4E2-21E8795C9159}.Release|Mixed Platforms.Build.0 = Release|Win32
		{15CBFEFF-7965-41F5-B4E2-21E8795C9159}.Release|Win32.ActiveCfg = Release|Win32
		{15CBFEFF-7965-41F5-B4E2-21E8795C9159}.Release|Win32.Build.0 = Release|Win32
		{15CBFEFF-7965-41F5-B4E2-21E8795C9159}.Static lib - Debug|Any CPU.ActiveCfg = Debug|Win32
		{15CBFEFF-7965-41F5-B4E2-21E8795C9159}.Static lib - Debug|Mixed Platforms.ActiveCfg = Debug|Win32
		{15CBFEFF-7965-41F5-B4E2-21E8795C9159}.Static lib - Debug|Mixed Platforms.Build.0 = Debug|Win32
		{15CBFEFF-7965-41F5-B4E2-21E8795C9159}.Static lib - Debug|Win32.ActiveCfg = Debug|Win32
		{15CBFEFF-7965-41F5-B4E2-21E8795C9159}.Static lib - Debug|Win32.Build.0 = Debug|Win32
		{15CBFEFF-7965-41F5-B4E2-21E8795C9159}.Static lib - Release - Fast FPU|Any CPU.ActiveCfg = Release|Win32
		{15CBFEFF-7965-41F5-B4E2-21E8795C9159}.Static lib - Release - Fast FPU|Mixed Platforms.ActiveCfg = Release|Win32
		{15CBFEFF-7965-41F5-B4E2-21E8795C9159}.Static lib - Release - Fast FPU|Mixed Platforms.Build.0 = Release|Win32
		{15CBFEFF-7965-41F5-B4E2-21E8795C9159}.Static lib - Release - Fast FPU|Win32.ActiveCfg = Release|Win32
		{15CBFEFF-7965-41F5-B4E2-21E8795C9159}.Static lib - Release - Fast FPU|Win32.Build.0 = Release|Win32
		{15CBFEFF-7965-41F5-B4E2-21E8795C9159}.Static lib - Release|Any CPU.ActiveCfg = Release|Win32
		{15CBFEFF-7965-41F5-B4E2-21E8795C9159}.Static lib - Release|Mixed Platforms.ActiveCfg = Release|Win32
		{15CBFEFF-7965-41F5-B4E2-21E8795C9159}.Static lib - Release|Mixed Platforms.Build.0 = Release|Win32
		{15CBFEFF-7965-41F5-B4E2-21E8795C9159}.Static lib - Release|Win32.ActiveCfg = Release|Win32
		{15CBFEFF-7965-41F5-B4E2-21E8795C9159}.Static lib - Release|Win32.Build.0 = Release|Win32
		{E48B6A8B-F7FE-4DA8-8248-E64DBAC4F56C}.Debug - VBNETAddon|Any CPU.ActiveCfg = Debug|Win32
		{E48B6A8B-F7FE-4DA8-8248-E64DBAC4F56C}.Debug - VBNETAddon|Mixed Platforms.ActiveCfg = Debug|Win32
		{E48B6A8B-F7FE-4DA8-8248-E64DBAC4F56C}.Debug - VBNETAddon|Mixed Platforms.Build.0 = Debug|Win32
		{E48B6A8B-F7FE-4DA8-8248-E64DBAC4F56C}.Debug - VBNETAddon|Win32.ActiveCfg = Debug|Win32
		{E48B6A8B-F7FE-4DA8-8248-E64DBAC4F56C}.Debug - VBNETAddon|Win32.Build.0 = Debug|Win32
		{E48B6A8B-F7FE-4DA8-8248-E64DBAC4F56C}.Debug|Any CPU.ActiveCfg = Debug|Win32
		{E48B6A8B-F7FE-4DA8-8248-E64DBAC4F56C}.Debug|Mixed Platforms.ActiveCfg = Debug|Win32
		{E48B6A8B-F7FE-4DA8-8248-E64DBAC4F56C}.Debug|Mixed Platforms.Build.0 = Debug|Win32
		{E48B6A8B-F7FE-4DA8-8248-E64DBAC4F56C}.Debug|Win32.ActiveCfg = Debug|Win32
		{E48B6A8B-F7FE-4DA8-8248-E64DBAC4F56C}.Debug|Win32.Build.0 = Debug|Win32
		{E48B6A8B-F7FE-4DA8-8248-E64DBAC4F56C}.Release - Fast FPU|Any CPU.ActiveCfg = Release_SSE2|Win32
		{E48B6A8B-F7FE-4DA8-8248-E64DBAC4F56C}.Release - Fast FPU|Mixed Platforms.ActiveCfg = Release_SSE2|Win32
		{E48B6A8B-F7FE-4DA8-8248-E64DBAC4F56C}.Release - Fast FPU|Mixed Platforms.Build.0 = Release_SSE2|Win32
		{E48B6A8B-F7FE-4DA8-8248-E64DBAC4F56C}.Release - Fast FPU|Win32.ActiveCfg = Release_SSE2|Win32
		{E48B6A8B-F7FE-4DA8-8248-E64DBAC4F56C}.Release - Fast FPU|Win32.Build.0 = Release_SSE2|Win32
		{E48B6A8B-F7FE-4DA8-8248-E64DBAC4F56C}.Release_SSE|Any CPU.ActiveCfg = Release_SSE|Win32
		{E48B6A8B-F7FE-4DA8-8248-E64DBAC4F56C}.Release_SSE|Mixed Platforms.ActiveCfg = Release_SSE|Win32
		{E48B6A8B-F7FE-4DA8-8248-E64DBAC4F56C}.Release_SSE|Mixed Platforms.Build.0 = Release_SSE|Win32
		{E48B6A8B-F7FE-4DA8-8248-E64DBAC4F56C}.Release_SSE|Win32.ActiveCfg = Release_SSE|Win32
		{E48B6A8B-F7FE-4DA8-8248-E64DBAC4F56C}.Release_SSE|Win32.Build.0 = Release_SSE|Win32
		{E48B6A8B-F7FE-4DA8-8248-E64DBAC4F56C}.Release_SSE2|Any CPU.ActiveCfg = Release_SSE2|Win32
		{E48B6A8B-F7FE-4DA8-8248-E64DBAC4F56C}.Release_SSE2|Mixed Platforms.ActiveCfg = Release_SSE2|Win32
		{E48B6A8B-F7FE-4DA8-8248-E64DBAC4F56C}.Release_SSE2|Mixed Platforms.Build.0 = Release_SSE2|Win32
		{E48B6A8B-F7FE-4DA8-8248-E64DBAC4F56C}.Release_SSE2|Win32.ActiveCfg = Release_SSE2|Win32
		{E48B6A8B-F7FE-4DA8-8248-E64DBAC4F56C}.Release_SSE2|Win32.Build.0 = Release_SSE2|Win32
		{E48B6A8B-F7FE-4DA8-8248-E64DBAC4F56C}.Release|Any CPU.ActiveCfg = Release|Win32
		{E48B6A8B-F7FE-4DA8-8248-E64DBAC4F56C}.Release|Mixed Platforms.ActiveCfg = Release|Win32
		{E48B6A8B-F7FE-4DA8-8248-E64DBAC4F56C}.Release|Mixed Platforms.Build.0 = Release|Win32
		{E48B6A8B-F7FE-4DA8-8248-E64DBAC4F56C}.Release|Win32.ActiveCfg = Release|Win32
		{E48B6A8B-F7FE-4DA8-8248-E64DBAC4F56C}.Release|Win32.Build.0 = Release|Win32
		{E48B6A8B-F7FE-4DA8-8248-E64DBAC4F56C}.Static lib - Debug|Any CPU.ActiveCfg = Debug|Win32
		{E48B6A8B-F7FE-4DA8-8248-E64DBAC4F56C}.Static lib - Debug|Mixed Platforms.ActiveCfg = Debug|Win32
		{E48B6A8B-F7FE-4DA8-8248-E64DBAC4F56C}.Static lib - Debug|Mixed Platforms.Build.0 = Debug|Win32
		{E48B6A8B-F7FE-4DA8-8248-E64DBAC4F56C}.Static lib - Debug|Win32.ActiveCfg = Debug|Win32
		{E48B6A8B-F7FE-4DA8-8248-E64DBAC4F56C}.Static lib - Debug|Win32.Build.0 = Debug|Win32
		{E48B6A8B-F7FE-4DA8-8248-E64DBAC4F56C}.Static lib - Release - Fast FPU|Any CPU.ActiveCfg = Release|Win32
		{E48B6A8B-F7FE-4DA8-8248-E64DBAC4F56C}.Static lib - Release - Fast FPU|Mixed Platforms.ActiveCfg = Release|Win32
		{E48B6A8B-F7FE-4DA8-8248-E64DBAC4F56C}.Static lib - Release - Fast FPU|Mixed Platforms.Build.0 = Release|Win32
		{E48B6A8B-F7FE-4DA8-8248-E64DBAC4F56C}.Static lib - Release - Fast FPU|Win32.ActiveCfg = Release|Win32
		{E48B6A8B-F7FE-4DA8-8248-E64DBAC4F56C}.Static lib - Release - Fast FPU|Win32.Build.0 = Release|Win32
		{E48B6A8B-F7FE-4DA8-8248-E64DBAC4F56C}.Static lib - Release|Any CPU.ActiveCfg = Release|Win32
		{E48B6A8B-F7FE-4DA8-8248-E64DBAC4F56C}.Static lib - Release|Mixed Platforms.ActiveCfg = Release|Win32
		{E48B6A8B-F7FE-4DA8-8248-E64DBAC4F56C}.Static lib - Release|Mixed Platforms.Build.0 = Release|Win32
		{E48B6A8B-F7FE-4DA8-8248-E64DBAC4F56C}.Static lib - Release|Win32.ActiveCfg = Release|Win32
		{E48B6A8B-F7FE-4DA8-8248-E64DBAC4F56C}.Static lib - Release|Win32.Build.0 = Release|Win32
	EndGlobalSection
	GlobalSection(SolutionProperties) = preSolution
		HideSolutionNode = FALSE
	EndGlobalSection
EndGlobal
