Microsoft Visual Studio Solution File, Format Version 10.00
# Visual C++ Express 2008
Project("{8BC9CEB8-8B4A-11D0-8D11-00A0C91BC942}") = "Roket3D Alpha", "Roket3D Alpha\Roket3D Alpha.vcproj", "{0A1BC181-863C-45F5-8A33-A41A2321E42B}"
	ProjectSection(ProjectDependencies) = postProject
		{E08E042A-6C45-411B-92BE-3CC31331019F} = {E08E042A-6C45-411B-92BE-3CC31331019F}
	EndProjectSection
EndProject
Project("{8BC9CEB8-8B4A-11D0-8D11-00A0C91BC942}") = "RoketGraphics", "..\RoketGraphics\source\Irrlicht\Irrlicht7.1.vcproj", "{E08E042A-6C45-411B-92BE-3CC31331019F}"
EndProject
Project("{F184B08F-C81C-45F6-A57F-5ABD9991F28F}") = "Delta 9", "..\..\Delta9\Delta 9.vbproj", "{1CA7BAF5-1E5F-44A4-88D4-30C2242B40FF}"
EndProject
Project("{8BC9CEB8-8B4A-11D0-8D11-00A0C91BC942}") = "libvorbis", "..\libVorbis\win32\VS2003\libvorbis\libvorbis.vcproj", "{3A214E06-B95E-4D61-A291-1F8DF2EC10FD}"
	ProjectSection(ProjectDependencies) = postProject
		{15CBFEFF-7965-41F5-B4E2-21E8795C9159} = {15CBFEFF-7965-41F5-B4E2-21E8795C9159}
	EndProjectSection
EndProject
Project("{8BC9CEB8-8B4A-11D0-8D11-00A0C91BC942}") = "libvorbisfile", "..\libVorbis\win32\VS2003\libvorbisfile\libvorbisfile.vcproj", "{CEBDE98B-A6AA-46E6-BC79-FAAF823DB9EC}"
	ProjectSection(ProjectDependencies) = postProject
		{3A214E06-B95E-4D61-A291-1F8DF2EC10FD} = {3A214E06-B95E-4D61-A291-1F8DF2EC10FD}
		{15CBFEFF-7965-41F5-B4E2-21E8795C9159} = {15CBFEFF-7965-41F5-B4E2-21E8795C9159}
	EndProjectSection
EndProject
Project("{8BC9CEB8-8B4A-11D0-8D11-00A0C91BC942}") = "vorbisenc", "..\libVorbis\win32\VS2003\vorbisenc\vorbisenc.vcproj", "{E48B6A8B-F7FE-4DA8-8248-E64DBAC4F56C}"
	ProjectSection(ProjectDependencies) = postProject
		{3A214E06-B95E-4D61-A291-1F8DF2EC10FD} = {3A214E06-B95E-4D61-A291-1F8DF2EC10FD}
		{15CBFEFF-7965-41F5-B4E2-21E8795C9159} = {15CBFEFF-7965-41F5-B4E2-21E8795C9159}
	EndProjectSection
EndProject
Project("{8BC9CEB8-8B4A-11D0-8D11-00A0C91BC942}") = "libogg", "..\libOGG\win32\VS2003\libogg\libogg.vcproj", "{15CBFEFF-7965-41F5-B4E2-21E8795C9159}"
EndProject
Project("{8BC9CEB8-8B4A-11D0-8D11-00A0C91BC942}") = "alut", "..\libALUT\admin\VisualStudioDotNET\alut\alut.vcproj", "{07149BCB-BE8A-4503-BE18-815D64233116}"
EndProject
Global
	GlobalSection(SolutionConfigurationPlatforms) = preSolution
		Debug - VBNETAddon|Win32 = Debug - VBNETAddon|Win32
		Debug|Win32 = Debug|Win32
		Release - Fast FPU|Win32 = Release - Fast FPU|Win32
		Release_SSE|Win32 = Release_SSE|Win32
		Release_SSE2|Win32 = Release_SSE2|Win32
		Release|Win32 = Release|Win32
		Static lib - Debug|Win32 = Static lib - Debug|Win32
		Static lib - Release - Fast FPU|Win32 = Static lib - Release - Fast FPU|Win32
		Static lib - Release|Win32 = Static lib - Release|Win32
	EndGlobalSection
	GlobalSection(ProjectConfigurationPlatforms) = postSolution
		{0A1BC181-863C-45F5-8A33-A41A2321E42B}.Debug - VBNETAddon|Win32.ActiveCfg = Debug - VBNETAddon|Win32
		{0A1BC181-863C-45F5-8A33-A41A2321E42B}.Debug - VBNETAddon|Win32.Build.0 = Debug - VBNETAddon|Win32
		{0A1BC181-863C-45F5-8A33-A41A2321E42B}.Debug|Win32.ActiveCfg = Debug|Win32
		{0A1BC181-863C-45F5-8A33-A41A2321E42B}.Debug|Win32.Build.0 = Debug|Win32
		{0A1BC181-863C-45F5-8A33-A41A2321E42B}.Release - Fast FPU|Win32.ActiveCfg = Release|Win32
		{0A1BC181-863C-45F5-8A33-A41A2321E42B}.Release - Fast FPU|Win32.Build.0 = Release|Win32
		{0A1BC181-863C-45F5-8A33-A41A2321E42B}.Release_SSE|Win32.ActiveCfg = Release|Win32
		{0A1BC181-863C-45F5-8A33-A41A2321E42B}.Release_SSE|Win32.Build.0 = Release|Win32
		{0A1BC181-863C-45F5-8A33-A41A2321E42B}.Release_SSE2|Win32.ActiveCfg = Release|Win32
		{0A1BC181-863C-45F5-8A33-A41A2321E42B}.Release_SSE2|Win32.Build.0 = Release|Win32
		{0A1BC181-863C-45F5-8A33-A41A2321E42B}.Release|Win32.ActiveCfg = Release|Win32
		{0A1BC181-863C-45F5-8A33-A41A2321E42B}.Release|Win32.Build.0 = Release|Win32
		{0A1BC181-863C-45F5-8A33-A41A2321E42B}.Static lib - Debug|Win32.ActiveCfg = Debug|Win32
		{0A1BC181-863C-45F5-8A33-A41A2321E42B}.Static lib - Debug|Win32.Build.0 = Debug|Win32
		{0A1BC181-863C-45F5-8A33-A41A2321E42B}.Static lib - Release - Fast FPU|Win32.ActiveCfg = Release|Win32
		{0A1BC181-863C-45F5-8A33-A41A2321E42B}.Static lib - Release - Fast FPU|Win32.Build.0 = Release|Win32
		{0A1BC181-863C-45F5-8A33-A41A2321E42B}.Static lib - Release|Win32.ActiveCfg = Release|Win32
		{0A1BC181-863C-45F5-8A33-A41A2321E42B}.Static lib - Release|Win32.Build.0 = Release|Win32
		{E08E042A-6C45-411B-92BE-3CC31331019F}.Debug - VBNETAddon|Win32.ActiveCfg = Debug - VBNETAddon|Win32
		{E08E042A-6C45-411B-92BE-3CC31331019F}.Debug - VBNETAddon|Win32.Build.0 = Debug - VBNETAddon|Win32
		{E08E042A-6C45-411B-92BE-3CC31331019F}.Debug|Win32.ActiveCfg = Debug|Win32
		{E08E042A-6C45-411B-92BE-3CC31331019F}.Debug|Win32.Build.0 = Debug|Win32
		{E08E042A-6C45-411B-92BE-3CC31331019F}.Release - Fast FPU|Win32.ActiveCfg = Release - Fast FPU|Win32
		{E08E042A-6C45-411B-92BE-3CC31331019F}.Release - Fast FPU|Win32.Build.0 = Release - Fast FPU|Win32
		{E08E042A-6C45-411B-92BE-3CC31331019F}.Release_SSE|Win32.ActiveCfg = Release - Fast FPU|Win32
		{E08E042A-6C45-411B-92BE-3CC31331019F}.Release_SSE|Win32.Build.0 = Release - Fast FPU|Win32
		{E08E042A-6C45-411B-92BE-3CC31331019F}.Release_SSE2|Win32.ActiveCfg = Release - Fast FPU|Win32
		{E08E042A-6C45-411B-92BE-3CC31331019F}.Release_SSE2|Win32.Build.0 = Release - Fast FPU|Win32
		{E08E042A-6C45-411B-92BE-3CC31331019F}.Release|Win32.ActiveCfg = Release|Win32
		{E08E042A-6C45-411B-92BE-3CC31331019F}.Release|Win32.Build.0 = Release|Win32
		{E08E042A-6C45-411B-92BE-3CC31331019F}.Static lib - Debug|Win32.ActiveCfg = Static lib - Debug|Win32
		{E08E042A-6C45-411B-92BE-3CC31331019F}.Static lib - Debug|Win32.Build.0 = Static lib - Debug|Win32
		{E08E042A-6C45-411B-92BE-3CC31331019F}.Static lib - Release - Fast FPU|Win32.ActiveCfg = Static lib - Release - Fast FPU|Win32
		{E08E042A-6C45-411B-92BE-3CC31331019F}.Static lib - Release - Fast FPU|Win32.Build.0 = Static lib - Release - Fast FPU|Win32
		{E08E042A-6C45-411B-92BE-3CC31331019F}.Static lib - Release|Win32.ActiveCfg = Static lib - Release|Win32
		{E08E042A-6C45-411B-92BE-3CC31331019F}.Static lib - Release|Win32.Build.0 = Static lib - Release|Win32
		{1CA7BAF5-1E5F-44A4-88D4-30C2242B40FF}.Debug - VBNETAddon|Win32.ActiveCfg = Debug - VBNETAddon|Any CPU
		{1CA7BAF5-1E5F-44A4-88D4-30C2242B40FF}.Debug|Win32.ActiveCfg = Debug|Any CPU
		{1CA7BAF5-1E5F-44A4-88D4-30C2242B40FF}.Release - Fast FPU|Win32.ActiveCfg = Release|Any CPU
		{1CA7BAF5-1E5F-44A4-88D4-30C2242B40FF}.Release_SSE|Win32.ActiveCfg = Release|Any CPU
		{1CA7BAF5-1E5F-44A4-88D4-30C2242B40FF}.Release_SSE2|Win32.ActiveCfg = Release|Any CPU
		{1CA7BAF5-1E5F-44A4-88D4-30C2242B40FF}.Release|Win32.ActiveCfg = Release|Any CPU
		{1CA7BAF5-1E5F-44A4-88D4-30C2242B40FF}.Static lib - Debug|Win32.ActiveCfg = Debug|Any CPU
		{1CA7BAF5-1E5F-44A4-88D4-30C2242B40FF}.Static lib - Release - Fast FPU|Win32.ActiveCfg = Release|Any CPU
		{1CA7BAF5-1E5F-44A4-88D4-30C2242B40FF}.Static lib - Release|Win32.ActiveCfg = Release|Any CPU
		{3A214E06-B95E-4D61-A291-1F8DF2EC10FD}.Debug - VBNETAddon|Win32.ActiveCfg = Debug|Win32
		{3A214E06-B95E-4D61-A291-1F8DF2EC10FD}.Debug - VBNETAddon|Win32.Build.0 = Debug|Win32
		{3A214E06-B95E-4D61-A291-1F8DF2EC10FD}.Debug|Win32.ActiveCfg = Debug|Win32
		{3A214E06-B95E-4D61-A291-1F8DF2EC10FD}.Debug|Win32.Build.0 = Debug|Win32
		{3A214E06-B95E-4D61-A291-1F8DF2EC10FD}.Release - Fast FPU|Win32.ActiveCfg = Release|Win32
		{3A214E06-B95E-4D61-A291-1F8DF2EC10FD}.Release - Fast FPU|Win32.Build.0 = Release|Win32
		{3A214E06-B95E-4D61-A291-1F8DF2EC10FD}.Release_SSE|Win32.ActiveCfg = Release_SSE|Win32
		{3A214E06-B95E-4D61-A291-1F8DF2EC10FD}.Release_SSE|Win32.Build.0 = Release_SSE|Win32
		{3A214E06-B95E-4D61-A291-1F8DF2EC10FD}.Release_SSE2|Win32.ActiveCfg = Release_SSE2|Win32
		{3A214E06-B95E-4D61-A291-1F8DF2EC10FD}.Release_SSE2|Win32.Build.0 = Release_SSE2|Win32
		{3A214E06-B95E-4D61-A291-1F8DF2EC10FD}.Release|Win32.ActiveCfg = Release|Win32
		{3A214E06-B95E-4D61-A291-1F8DF2EC10FD}.Release|Win32.Build.0 = Release|Win32
		{3A214E06-B95E-4D61-A291-1F8DF2EC10FD}.Static lib - Debug|Win32.ActiveCfg = Debug|Win32
		{3A214E06-B95E-4D61-A291-1F8DF2EC10FD}.Static lib - Debug|Win32.Build.0 = Debug|Win32
		{3A214E06-B95E-4D61-A291-1F8DF2EC10FD}.Static lib - Release - Fast FPU|Win32.ActiveCfg = Release|Win32
		{3A214E06-B95E-4D61-A291-1F8DF2EC10FD}.Static lib - Release - Fast FPU|Win32.Build.0 = Release|Win32
		{3A214E06-B95E-4D61-A291-1F8DF2EC10FD}.Static lib - Release|Win32.ActiveCfg = Release|Win32
		{3A214E06-B95E-4D61-A291-1F8DF2EC10FD}.Static lib - Release|Win32.Build.0 = Release|Win32
		{CEBDE98B-A6AA-46E6-BC79-FAAF823DB9EC}.Debug - VBNETAddon|Win32.ActiveCfg = Debug|Win32
		{CEBDE98B-A6AA-46E6-BC79-FAAF823DB9EC}.Debug - VBNETAddon|Win32.Build.0 = Debug|Win32
		{CEBDE98B-A6AA-46E6-BC79-FAAF823DB9EC}.Debug|Win32.ActiveCfg = Debug|Win32
		{CEBDE98B-A6AA-46E6-BC79-FAAF823DB9EC}.Debug|Win32.Build.0 = Debug|Win32
		{CEBDE98B-A6AA-46E6-BC79-FAAF823DB9EC}.Release - Fast FPU|Win32.ActiveCfg = Release|Win32
		{CEBDE98B-A6AA-46E6-BC79-FAAF823DB9EC}.Release - Fast FPU|Win32.Build.0 = Release|Win32
		{CEBDE98B-A6AA-46E6-BC79-FAAF823DB9EC}.Release_SSE|Win32.ActiveCfg = Release|Win32
		{CEBDE98B-A6AA-46E6-BC79-FAAF823DB9EC}.Release_SSE|Win32.Build.0 = Release|Win32
		{CEBDE98B-A6AA-46E6-BC79-FAAF823DB9EC}.Release_SSE2|Win32.ActiveCfg = Release|Win32
		{CEBDE98B-A6AA-46E6-BC79-FAAF823DB9EC}.Release_SSE2|Win32.Build.0 = Release|Win32
		{CEBDE98B-A6AA-46E6-BC79-FAAF823DB9EC}.Release|Win32.ActiveCfg = Release|Win32
		{CEBDE98B-A6AA-46E6-BC79-FAAF823DB9EC}.Release|Win32.Build.0 = Release|Win32
		{CEBDE98B-A6AA-46E6-BC79-FAAF823DB9EC}.Static lib - Debug|Win32.ActiveCfg = Debug|Win32
		{CEBDE98B-A6AA-46E6-BC79-FAAF823DB9EC}.Static lib - Debug|Win32.Build.0 = Debug|Win32
		{CEBDE98B-A6AA-46E6-BC79-FAAF823DB9EC}.Static lib - Release - Fast FPU|Win32.ActiveCfg = Release|Win32
		{CEBDE98B-A6AA-46E6-BC79-FAAF823DB9EC}.Static lib - Release - Fast FPU|Win32.Build.0 = Release|Win32
		{CEBDE98B-A6AA-46E6-BC79-FAAF823DB9EC}.Static lib - Release|Win32.ActiveCfg = Release|Win32
		{CEBDE98B-A6AA-46E6-BC79-FAAF823DB9EC}.Static lib - Release|Win32.Build.0 = Release|Win32
		{E48B6A8B-F7FE-4DA8-8248-E64DBAC4F56C}.Debug - VBNETAddon|Win32.ActiveCfg = Debug|Win32
		{E48B6A8B-F7FE-4DA8-8248-E64DBAC4F56C}.Debug - VBNETAddon|Win32.Build.0 = Debug|Win32
		{E48B6A8B-F7FE-4DA8-8248-E64DBAC4F56C}.Debug|Win32.ActiveCfg = Debug|Win32
		{E48B6A8B-F7FE-4DA8-8248-E64DBAC4F56C}.Debug|Win32.Build.0 = Debug|Win32
		{E48B6A8B-F7FE-4DA8-8248-E64DBAC4F56C}.Release - Fast FPU|Win32.ActiveCfg = Release|Win32
		{E48B6A8B-F7FE-4DA8-8248-E64DBAC4F56C}.Release - Fast FPU|Win32.Build.0 = Release|Win32
		{E48B6A8B-F7FE-4DA8-8248-E64DBAC4F56C}.Release_SSE|Win32.ActiveCfg = Release_SSE|Win32
		{E48B6A8B-F7FE-4DA8-8248-E64DBAC4F56C}.Release_SSE|Win32.Build.0 = Release_SSE|Win32
		{E48B6A8B-F7FE-4DA8-8248-E64DBAC4F56C}.Release_SSE2|Win32.ActiveCfg = Release_SSE2|Win32
		{E48B6A8B-F7FE-4DA8-8248-E64DBAC4F56C}.Release_SSE2|Win32.Build.0 = Release_SSE2|Win32
		{E48B6A8B-F7FE-4DA8-8248-E64DBAC4F56C}.Release|Win32.ActiveCfg = Release|Win32
		{E48B6A8B-F7FE-4DA8-8248-E64DBAC4F56C}.Release|Win32.Build.0 = Release|Win32
		{E48B6A8B-F7FE-4DA8-8248-E64DBAC4F56C}.Static lib - Debug|Win32.ActiveCfg = Debug|Win32
		{E48B6A8B-F7FE-4DA8-8248-E64DBAC4F56C}.Static lib - Debug|Win32.Build.0 = Debug|Win32
		{E48B6A8B-F7FE-4DA8-8248-E64DBAC4F56C}.Static lib - Release - Fast FPU|Win32.ActiveCfg = Release|Win32
		{E48B6A8B-F7FE-4DA8-8248-E64DBAC4F56C}.Static lib - Release - Fast FPU|Win32.Build.0 = Release|Win32
		{E48B6A8B-F7FE-4DA8-8248-E64DBAC4F56C}.Static lib - Release|Win32.ActiveCfg = Release|Win32
		{E48B6A8B-F7FE-4DA8-8248-E64DBAC4F56C}.Static lib - Release|Win32.Build.0 = Release|Win32
		{15CBFEFF-7965-41F5-B4E2-21E8795C9159}.Debug - VBNETAddon|Win32.ActiveCfg = Debug|Win32
		{15CBFEFF-7965-41F5-B4E2-21E8795C9159}.Debug - VBNETAddon|Win32.Build.0 = Debug|Win32
		{15CBFEFF-7965-41F5-B4E2-21E8795C9159}.Debug|Win32.ActiveCfg = Debug|Win32
		{15CBFEFF-7965-41F5-B4E2-21E8795C9159}.Debug|Win32.Build.0 = Debug|Win32
		{15CBFEFF-7965-41F5-B4E2-21E8795C9159}.Release - Fast FPU|Win32.ActiveCfg = Release|Win32
		{15CBFEFF-7965-41F5-B4E2-21E8795C9159}.Release - Fast FPU|Win32.Build.0 = Release|Win32
		{15CBFEFF-7965-41F5-B4E2-21E8795C9159}.Release_SSE|Win32.ActiveCfg = Release_SSE|Win32
		{15CBFEFF-7965-41F5-B4E2-21E8795C9159}.Release_SSE|Win32.Build.0 = Release_SSE|Win32
		{15CBFEFF-7965-41F5-B4E2-21E8795C9159}.Release_SSE2|Win32.ActiveCfg = Release_SSE2|Win32
		{15CBFEFF-7965-41F5-B4E2-21E8795C9159}.Release_SSE2|Win32.Build.0 = Release_SSE2|Win32
		{15CBFEFF-7965-41F5-B4E2-21E8795C9159}.Release|Win32.ActiveCfg = Release|Win32
		{15CBFEFF-7965-41F5-B4E2-21E8795C9159}.Release|Win32.Build.0 = Release|Win32
		{15CBFEFF-7965-41F5-B4E2-21E8795C9159}.Static lib - Debug|Win32.ActiveCfg = Debug|Win32
		{15CBFEFF-7965-41F5-B4E2-21E8795C9159}.Static lib - Debug|Win32.Build.0 = Debug|Win32
		{15CBFEFF-7965-41F5-B4E2-21E8795C9159}.Static lib - Release - Fast FPU|Win32.ActiveCfg = Release|Win32
		{15CBFEFF-7965-41F5-B4E2-21E8795C9159}.Static lib - Release - Fast FPU|Win32.Build.0 = Release|Win32
		{15CBFEFF-7965-41F5-B4E2-21E8795C9159}.Static lib - Release|Win32.ActiveCfg = Release|Win32
		{15CBFEFF-7965-41F5-B4E2-21E8795C9159}.Static lib - Release|Win32.Build.0 = Release|Win32
		{07149BCB-BE8A-4503-BE18-815D64233116}.Debug - VBNETAddon|Win32.ActiveCfg = Debug|Win32
		{07149BCB-BE8A-4503-BE18-815D64233116}.Debug - VBNETAddon|Win32.Build.0 = Debug|Win32
		{07149BCB-BE8A-4503-BE18-815D64233116}.Debug|Win32.ActiveCfg = Debug|Win32
		{07149BCB-BE8A-4503-BE18-815D64233116}.Debug|Win32.Build.0 = Debug|Win32
		{07149BCB-BE8A-4503-BE18-815D64233116}.Release - Fast FPU|Win32.ActiveCfg = Release|Win32
		{07149BCB-BE8A-4503-BE18-815D64233116}.Release - Fast FPU|Win32.Build.0 = Release|Win32
		{07149BCB-BE8A-4503-BE18-815D64233116}.Release_SSE|Win32.ActiveCfg = Release|Win32
		{07149BCB-BE8A-4503-BE18-815D64233116}.Release_SSE|Win32.Build.0 = Release|Win32
		{07149BCB-BE8A-4503-BE18-815D64233116}.Release_SSE2|Win32.ActiveCfg = Release|Win32
		{07149BCB-BE8A-4503-BE18-815D64233116}.Release_SSE2|Win32.Build.0 = Release|Win32
		{07149BCB-BE8A-4503-BE18-815D64233116}.Release|Win32.ActiveCfg = Release|Win32
		{07149BCB-BE8A-4503-BE18-815D64233116}.Release|Win32.Build.0 = Release|Win32
		{07149BCB-BE8A-4503-BE18-815D64233116}.Static lib - Debug|Win32.ActiveCfg = Debug|Win32
		{07149BCB-BE8A-4503-BE18-815D64233116}.Static lib - Debug|Win32.Build.0 = Debug|Win32
		{07149BCB-BE8A-4503-BE18-815D64233116}.Static lib - Release - Fast FPU|Win32.ActiveCfg = Release|Win32
		{07149BCB-BE8A-4503-BE18-815D64233116}.Static lib - Release - Fast FPU|Win32.Build.0 = Release|Win32
		{07149BCB-BE8A-4503-BE18-815D64233116}.Static lib - Release|Win32.ActiveCfg = Release|Win32
		{07149BCB-BE8A-4503-BE18-815D64233116}.Static lib - Release|Win32.Build.0 = Release|Win32
	EndGlobalSection
	GlobalSection(SolutionProperties) = preSolution
		HideSolutionNode = FALSE
	EndGlobalSection
EndGlobal
