
Microsoft Visual Studio Solution File, Format Version 10.00
# Visual C# Express 2008
Project("{FAE04EC0-301F-11D3-BF4B-00C04F79EFBC}") = "Roket3D", "Roket3D.csproj", "{5BA158DE-7E14-42BD-8ABE-2FFBCD1CC268}"
EndProject
Project("{FAE04EC0-301F-11D3-BF4B-00C04F79EFBC}") = "DockPanelSuite", "..\Dependencies\DockPanelSuite\DockPanelSuite.csproj", "{B2886585-F158-4870-95A5-564007987F45}"
EndProject
Global
	GlobalSection(SolutionConfigurationPlatforms) = preSolution
		Debug|Any CPU = Debug|Any CPU
		Release|Any CPU = Release|Any CPU
	EndGlobalSection
	GlobalSection(ProjectConfigurationPlatforms) = postSolution
		{5BA158DE-7E14-42BD-8ABE-2FFBCD1CC268}.Debug|Any CPU.ActiveCfg = Debug|Any CPU
		{5BA158DE-7E14-42BD-8ABE-2FFBCD1CC268}.Debug|Any CPU.Build.0 = Debug|Any CPU
		{5BA158DE-7E14-42BD-8ABE-2FFBCD1CC268}.Release|Any CPU.ActiveCfg = Release|Any CPU
		{5BA158DE-7E14-42BD-8ABE-2FFBCD1CC268}.Release|Any CPU.Build.0 = Release|Any CPU
		{B2886585-F158-4870-95A5-564007987F45}.Debug|Any CPU.ActiveCfg = Debug|Any CPU
		{B2886585-F158-4870-95A5-564007987F45}.Debug|Any CPU.Build.0 = Debug|Any CPU
		{B2886585-F158-4870-95A5-564007987F45}.Release|Any CPU.ActiveCfg = Release|Any CPU
		{B2886585-F158-4870-95A5-564007987F45}.Release|Any CPU.Build.0 = Release|Any CPU
	EndGlobalSection
	GlobalSection(SolutionProperties) = preSolution
		HideSolutionNode = FALSE
	EndGlobalSection
EndGlobal
