
Microsoft Visual Studio Solution File, Format Version 10.00
# Visual Studio 2008
Project("{8BC9CEB8-8B4A-11D0-8D11-00A0C91BC942}") = "msExporter", "msPlugin\Exporter\msExporter_v9.vcproj", "{FEA06641-0040-47B2-A617-2FDA26C4B3B4}"
	ProjectSection(ProjectDependencies) = postProject
		{FAF68149-E5CF-410D-BE21-37400ABED74D} = {FAF68149-E5CF-410D-BE21-37400ABED74D}
		{B1F8CA57-0975-449E-90DD-17B75EB7BCC1} = {B1F8CA57-0975-449E-90DD-17B75EB7BCC1}
		{FB7BAE59-31D5-41E1-AB56-3358E9A73A67} = {FB7BAE59-31D5-41E1-AB56-3358E9A73A67}
		{5E894FBD-4B51-4A0E-99C7-9C6FA1741037} = {5E894FBD-4B51-4A0E-99C7-9C6FA1741037}
	EndProjectSection
EndProject
Project("{8BC9CEB8-8B4A-11D0-8D11-00A0C91BC942}") = "msImporter", "msPlugin\Importer\msImporter_v9.vcproj", "{F07F91FF-587F-472F-9A7E-0A3B2DDD844F}"
	ProjectSection(ProjectDependencies) = postProject
		{FAF68149-E5CF-410D-BE21-37400ABED74D} = {FAF68149-E5CF-410D-BE21-37400ABED74D}
		{B1F8CA57-0975-449E-90DD-17B75EB7BCC1} = {B1F8CA57-0975-449E-90DD-17B75EB7BCC1}
		{FB7BAE59-31D5-41E1-AB56-3358E9A73A67} = {FB7BAE59-31D5-41E1-AB56-3358E9A73A67}
		{5E894FBD-4B51-4A0E-99C7-9C6FA1741037} = {5E894FBD-4B51-4A0E-99C7-9C6FA1741037}
	EndProjectSection
EndProject
Project("{8BC9CEB8-8B4A-11D0-8D11-00A0C91BC942}") = "modelEditor", "modelEditor\modelEditor_2009.vcproj", "{4F1E19B3-56B7-4B84-9B9E-367B90B87207}"
	ProjectSection(ProjectDependencies) = postProject
		{0FA6400D-7798-451A-A140-1AFCA30E09CC} = {0FA6400D-7798-451A-A140-1AFCA30E09CC}
		{EFDC6A1D-B598-4BF3-9317-946846781E20} = {EFDC6A1D-B598-4BF3-9317-946846781E20}
		{C202C121-EAFB-46B8-A5AD-7DFC9A3084DC} = {C202C121-EAFB-46B8-A5AD-7DFC9A3084DC}
		{FAF68149-E5CF-410D-BE21-37400ABED74D} = {FAF68149-E5CF-410D-BE21-37400ABED74D}
		{B1F8CA57-0975-449E-90DD-17B75EB7BCC1} = {B1F8CA57-0975-449E-90DD-17B75EB7BCC1}
		{FB7BAE59-31D5-41E1-AB56-3358E9A73A67} = {FB7BAE59-31D5-41E1-AB56-3358E9A73A67}
		{5E894FBD-4B51-4A0E-99C7-9C6FA1741037} = {5E894FBD-4B51-4A0E-99C7-9C6FA1741037}
	EndProjectSection
EndProject
Project("{8BC9CEB8-8B4A-11D0-8D11-00A0C91BC942}") = "dAnimation", "..\..\sdk\dAnimation\dAnimation_2009.vcproj", "{B1F8CA57-0975-449E-90DD-17B75EB7BCC1}"
EndProject
Project("{8BC9CEB8-8B4A-11D0-8D11-00A0C91BC942}") = "dContainers", "..\..\sdk\dContainers\dContainers_2009.vcproj", "{5E894FBD-4B51-4A0E-99C7-9C6FA1741037}"
EndProject
Project("{8BC9CEB8-8B4A-11D0-8D11-00A0C91BC942}") = "dMath", "..\..\sdk\dMath\dMath_2009.vcproj", "{FAF68149-E5CF-410D-BE21-37400ABED74D}"
EndProject
Project("{8BC9CEB8-8B4A-11D0-8D11-00A0C91BC942}") = "tinyxml", "..\thirdParties\tinyxml\tinyxml_lib_2009.vcproj", "{FB7BAE59-31D5-41E1-AB56-3358E9A73A67}"
EndProject
Project("{8BC9CEB8-8B4A-11D0-8D11-00A0C91BC942}") = "freeglut_static", "..\thirdParties\freeglut-2.4.0\freeglut_static_2009.vcproj", "{EFDC6A1D-B598-4BF3-9317-946846781E20}"
EndProject
Project("{8BC9CEB8-8B4A-11D0-8D11-00A0C91BC942}") = "glui", "..\thirdParties\glui-2.35\src\msvc\glui_2009.vcproj", "{0FA6400D-7798-451A-A140-1AFCA30E09CC}"
EndProject
Project("{8BC9CEB8-8B4A-11D0-8D11-00A0C91BC942}") = "glew_static", "..\thirdParties\glew\build\vc6\glew_static_2009.vcproj", "{C202C121-EAFB-46B8-A5AD-7DFC9A3084DC}"
EndProject
Global
	GlobalSection(SolutionConfigurationPlatforms) = preSolution
		debug_Double|Win32 = debug_Double|Win32
		Debug|Win32 = Debug|Win32
		hybrid|Win32 = hybrid|Win32
		Release|Win32 = Release|Win32
	EndGlobalSection
	GlobalSection(ProjectConfigurationPlatforms) = postSolution
		{FEA06641-0040-47B2-A617-2FDA26C4B3B4}.debug_Double|Win32.ActiveCfg = Debug|Win32
		{FEA06641-0040-47B2-A617-2FDA26C4B3B4}.debug_Double|Win32.Build.0 = Debug|Win32
		{FEA06641-0040-47B2-A617-2FDA26C4B3B4}.Debug|Win32.ActiveCfg = Debug|Win32
		{FEA06641-0040-47B2-A617-2FDA26C4B3B4}.Debug|Win32.Build.0 = Debug|Win32
		{FEA06641-0040-47B2-A617-2FDA26C4B3B4}.hybrid|Win32.ActiveCfg = Release|Win32
		{FEA06641-0040-47B2-A617-2FDA26C4B3B4}.hybrid|Win32.Build.0 = Release|Win32
		{FEA06641-0040-47B2-A617-2FDA26C4B3B4}.Release|Win32.ActiveCfg = Release|Win32
		{FEA06641-0040-47B2-A617-2FDA26C4B3B4}.Release|Win32.Build.0 = Release|Win32
		{F07F91FF-587F-472F-9A7E-0A3B2DDD844F}.debug_Double|Win32.ActiveCfg = Debug|Win32
		{F07F91FF-587F-472F-9A7E-0A3B2DDD844F}.debug_Double|Win32.Build.0 = Debug|Win32
		{F07F91FF-587F-472F-9A7E-0A3B2DDD844F}.Debug|Win32.ActiveCfg = Debug|Win32
		{F07F91FF-587F-472F-9A7E-0A3B2DDD844F}.Debug|Win32.Build.0 = Debug|Win32
		{F07F91FF-587F-472F-9A7E-0A3B2DDD844F}.hybrid|Win32.ActiveCfg = Release|Win32
		{F07F91FF-587F-472F-9A7E-0A3B2DDD844F}.hybrid|Win32.Build.0 = Release|Win32
		{F07F91FF-587F-472F-9A7E-0A3B2DDD844F}.Release|Win32.ActiveCfg = Release|Win32
		{F07F91FF-587F-472F-9A7E-0A3B2DDD844F}.Release|Win32.Build.0 = Release|Win32
		{4F1E19B3-56B7-4B84-9B9E-367B90B87207}.debug_Double|Win32.ActiveCfg = Debug|Win32
		{4F1E19B3-56B7-4B84-9B9E-367B90B87207}.debug_Double|Win32.Build.0 = Debug|Win32
		{4F1E19B3-56B7-4B84-9B9E-367B90B87207}.Debug|Win32.ActiveCfg = Debug|Win32
		{4F1E19B3-56B7-4B84-9B9E-367B90B87207}.Debug|Win32.Build.0 = Debug|Win32
		{4F1E19B3-56B7-4B84-9B9E-367B90B87207}.hybrid|Win32.ActiveCfg = Release|Win32
		{4F1E19B3-56B7-4B84-9B9E-367B90B87207}.hybrid|Win32.Build.0 = Release|Win32
		{4F1E19B3-56B7-4B84-9B9E-367B90B87207}.Release|Win32.ActiveCfg = Release|Win32
		{4F1E19B3-56B7-4B84-9B9E-367B90B87207}.Release|Win32.Build.0 = Release|Win32
		{B1F8CA57-0975-449E-90DD-17B75EB7BCC1}.debug_Double|Win32.ActiveCfg = debug_Double|Win32
		{B1F8CA57-0975-449E-90DD-17B75EB7BCC1}.debug_Double|Win32.Build.0 = debug_Double|Win32
		{B1F8CA57-0975-449E-90DD-17B75EB7BCC1}.Debug|Win32.ActiveCfg = Debug|Win32
		{B1F8CA57-0975-449E-90DD-17B75EB7BCC1}.Debug|Win32.Build.0 = Debug|Win32
		{B1F8CA57-0975-449E-90DD-17B75EB7BCC1}.hybrid|Win32.ActiveCfg = debug_Double|Win32
		{B1F8CA57-0975-449E-90DD-17B75EB7BCC1}.hybrid|Win32.Build.0 = debug_Double|Win32
		{B1F8CA57-0975-449E-90DD-17B75EB7BCC1}.Release|Win32.ActiveCfg = Release|Win32
		{B1F8CA57-0975-449E-90DD-17B75EB7BCC1}.Release|Win32.Build.0 = Release|Win32
		{5E894FBD-4B51-4A0E-99C7-9C6FA1741037}.debug_Double|Win32.ActiveCfg = debug_Double|Win32
		{5E894FBD-4B51-4A0E-99C7-9C6FA1741037}.debug_Double|Win32.Build.0 = debug_Double|Win32
		{5E894FBD-4B51-4A0E-99C7-9C6FA1741037}.Debug|Win32.ActiveCfg = Debug|Win32
		{5E894FBD-4B51-4A0E-99C7-9C6FA1741037}.Debug|Win32.Build.0 = Debug|Win32
		{5E894FBD-4B51-4A0E-99C7-9C6FA1741037}.hybrid|Win32.ActiveCfg = debug_Double|Win32
		{5E894FBD-4B51-4A0E-99C7-9C6FA1741037}.hybrid|Win32.Build.0 = debug_Double|Win32
		{5E894FBD-4B51-4A0E-99C7-9C6FA1741037}.Release|Win32.ActiveCfg = Release|Win32
		{5E894FBD-4B51-4A0E-99C7-9C6FA1741037}.Release|Win32.Build.0 = Release|Win32
		{FAF68149-E5CF-410D-BE21-37400ABED74D}.debug_Double|Win32.ActiveCfg = debug_Double|Win32
		{FAF68149-E5CF-410D-BE21-37400ABED74D}.debug_Double|Win32.Build.0 = debug_Double|Win32
		{FAF68149-E5CF-410D-BE21-37400ABED74D}.Debug|Win32.ActiveCfg = Debug|Win32
		{FAF68149-E5CF-410D-BE21-37400ABED74D}.Debug|Win32.Build.0 = Debug|Win32
		{FAF68149-E5CF-410D-BE21-37400ABED74D}.hybrid|Win32.ActiveCfg = debug_Double|Win32
		{FAF68149-E5CF-410D-BE21-37400ABED74D}.hybrid|Win32.Build.0 = debug_Double|Win32
		{FAF68149-E5CF-410D-BE21-37400ABED74D}.Release|Win32.ActiveCfg = Release|Win32
		{FAF68149-E5CF-410D-BE21-37400ABED74D}.Release|Win32.Build.0 = Release|Win32
		{FB7BAE59-31D5-41E1-AB56-3358E9A73A67}.debug_Double|Win32.ActiveCfg = debug_Double|Win32
		{FB7BAE59-31D5-41E1-AB56-3358E9A73A67}.debug_Double|Win32.Build.0 = debug_Double|Win32
		{FB7BAE59-31D5-41E1-AB56-3358E9A73A67}.Debug|Win32.ActiveCfg = Debug|Win32
		{FB7BAE59-31D5-41E1-AB56-3358E9A73A67}.Debug|Win32.Build.0 = Debug|Win32
		{FB7BAE59-31D5-41E1-AB56-3358E9A73A67}.hybrid|Win32.ActiveCfg = debug_Double|Win32
		{FB7BAE59-31D5-41E1-AB56-3358E9A73A67}.hybrid|Win32.Build.0 = debug_Double|Win32
		{FB7BAE59-31D5-41E1-AB56-3358E9A73A67}.Release|Win32.ActiveCfg = Release|Win32
		{FB7BAE59-31D5-41E1-AB56-3358E9A73A67}.Release|Win32.Build.0 = Release|Win32
		{EFDC6A1D-B598-4BF3-9317-946846781E20}.debug_Double|Win32.ActiveCfg = debug_Double|Win32
		{EFDC6A1D-B598-4BF3-9317-946846781E20}.debug_Double|Win32.Build.0 = debug_Double|Win32
		{EFDC6A1D-B598-4BF3-9317-946846781E20}.Debug|Win32.ActiveCfg = Debug|Win32
		{EFDC6A1D-B598-4BF3-9317-946846781E20}.Debug|Win32.Build.0 = Debug|Win32
		{EFDC6A1D-B598-4BF3-9317-946846781E20}.hybrid|Win32.ActiveCfg = debug_Double|Win32
		{EFDC6A1D-B598-4BF3-9317-946846781E20}.hybrid|Win32.Build.0 = debug_Double|Win32
		{EFDC6A1D-B598-4BF3-9317-946846781E20}.Release|Win32.ActiveCfg = Release|Win32
		{EFDC6A1D-B598-4BF3-9317-946846781E20}.Release|Win32.Build.0 = Release|Win32
		{0FA6400D-7798-451A-A140-1AFCA30E09CC}.debug_Double|Win32.ActiveCfg = debug_Double|Win32
		{0FA6400D-7798-451A-A140-1AFCA30E09CC}.debug_Double|Win32.Build.0 = debug_Double|Win32
		{0FA6400D-7798-451A-A140-1AFCA30E09CC}.Debug|Win32.ActiveCfg = Debug|Win32
		{0FA6400D-7798-451A-A140-1AFCA30E09CC}.Debug|Win32.Build.0 = Debug|Win32
		{0FA6400D-7798-451A-A140-1AFCA30E09CC}.hybrid|Win32.ActiveCfg = debug_Double|Win32
		{0FA6400D-7798-451A-A140-1AFCA30E09CC}.hybrid|Win32.Build.0 = debug_Double|Win32
		{0FA6400D-7798-451A-A140-1AFCA30E09CC}.Release|Win32.ActiveCfg = Release|Win32
		{0FA6400D-7798-451A-A140-1AFCA30E09CC}.Release|Win32.Build.0 = Release|Win32
		{C202C121-EAFB-46B8-A5AD-7DFC9A3084DC}.debug_Double|Win32.ActiveCfg = debug_Double|Win32
		{C202C121-EAFB-46B8-A5AD-7DFC9A3084DC}.debug_Double|Win32.Build.0 = debug_Double|Win32
		{C202C121-EAFB-46B8-A5AD-7DFC9A3084DC}.Debug|Win32.ActiveCfg = Debug|Win32
		{C202C121-EAFB-46B8-A5AD-7DFC9A3084DC}.Debug|Win32.Build.0 = Debug|Win32
		{C202C121-EAFB-46B8-A5AD-7DFC9A3084DC}.hybrid|Win32.ActiveCfg = debug_Double|Win32
		{C202C121-EAFB-46B8-A5AD-7DFC9A3084DC}.hybrid|Win32.Build.0 = debug_Double|Win32
		{C202C121-EAFB-46B8-A5AD-7DFC9A3084DC}.Release|Win32.ActiveCfg = Release|Win32
		{C202C121-EAFB-46B8-A5AD-7DFC9A3084DC}.Release|Win32.Build.0 = Release|Win32
	EndGlobalSection
	GlobalSection(SolutionProperties) = preSolution
		HideSolutionNode = FALSE
	EndGlobalSection
EndGlobal
