Microsoft Visual Studio Solution File, Format Version 8.00
Project("{8BC9CEB8-8B4A-11D0-8D11-00A0C91BC942}") = "tinyxml", "..\thirdParties\tinyxml\tinyxml_lib_2003.vcproj", "{7F64C6E4-EC5B-4F3E-A5C2-41461E9A4128}"
	ProjectSection(ProjectDependencies) = postProject
	EndProjectSection
EndProject
Project("{8BC9CEB8-8B4A-11D0-8D11-00A0C91BC942}") = "glui library", "..\thirdParties\glui-2.35\src\msvc\glui_2003.vcproj", "{304505FF-4A2A-471E-B163-17446985C98E}"
	ProjectSection(ProjectDependencies) = postProject
	EndProjectSection
EndProject
Project("{8BC9CEB8-8B4A-11D0-8D11-00A0C91BC942}") = "glew_static", "..\thirdParties\glew\build\vc6\glew_static_2003.vcproj", "{A9590795-A3DB-48F5-BBB8-0F5BF0845752}"
	ProjectSection(ProjectDependencies) = postProject
	EndProjectSection
EndProject
Project("{8BC9CEB8-8B4A-11D0-8D11-00A0C91BC942}") = "freeglut_static", "..\thirdParties\freeglut-2.4.0\freeglut_static_2003.vcproj", "{4C2FE220-85C8-449B-A673-2E2252DD78A2}"
	ProjectSection(ProjectDependencies) = postProject
	EndProjectSection
EndProject
Project("{8BC9CEB8-8B4A-11D0-8D11-00A0C91BC942}") = "dAnimation", "..\..\sdk\dAnimation\dAnimation_2003.vcproj", "{11290105-C0F0-47B7-8E92-CE112BAF4DD8}"
	ProjectSection(ProjectDependencies) = postProject
	EndProjectSection
EndProject
Project("{8BC9CEB8-8B4A-11D0-8D11-00A0C91BC942}") = "dContainers", "..\..\sdk\dContainers\dContainers_2003.vcproj", "{AFA1A789-0B70-4F5F-8425-393F554328E2}"
	ProjectSection(ProjectDependencies) = postProject
	EndProjectSection
EndProject
Project("{8BC9CEB8-8B4A-11D0-8D11-00A0C91BC942}") = "dMath", "..\..\sdk\dMath\dMath_2003.vcproj", "{C9D26B20-53F9-472A-9E17-6F13038A28DE}"
	ProjectSection(ProjectDependencies) = postProject
	EndProjectSection
EndProject
Project("{8BC9CEB8-8B4A-11D0-8D11-00A0C91BC942}") = "msExporter", "msPlugin\Exporter\msExporter_v7.vcproj", "{FEA06641-0040-47B2-A617-2FDA26C4B3B4}"
	ProjectSection(ProjectDependencies) = postProject
		{11290105-C0F0-47B7-8E92-CE112BAF4DD8} = {11290105-C0F0-47B7-8E92-CE112BAF4DD8}
		{C9D26B20-53F9-472A-9E17-6F13038A28DE} = {C9D26B20-53F9-472A-9E17-6F13038A28DE}
		{AFA1A789-0B70-4F5F-8425-393F554328E2} = {AFA1A789-0B70-4F5F-8425-393F554328E2}
		{7F64C6E4-EC5B-4F3E-A5C2-41461E9A4128} = {7F64C6E4-EC5B-4F3E-A5C2-41461E9A4128}
	EndProjectSection
EndProject
Project("{8BC9CEB8-8B4A-11D0-8D11-00A0C91BC942}") = "msImporter", "msPlugin\Importer\msImporter_v7.vcproj", "{FEA06641-0040-47B2-A617-2FDA26C4B3B4}"
	ProjectSection(ProjectDependencies) = postProject
		{11290105-C0F0-47B7-8E92-CE112BAF4DD8} = {11290105-C0F0-47B7-8E92-CE112BAF4DD8}
		{C9D26B20-53F9-472A-9E17-6F13038A28DE} = {C9D26B20-53F9-472A-9E17-6F13038A28DE}
		{AFA1A789-0B70-4F5F-8425-393F554328E2} = {AFA1A789-0B70-4F5F-8425-393F554328E2}
		{7F64C6E4-EC5B-4F3E-A5C2-41461E9A4128} = {7F64C6E4-EC5B-4F3E-A5C2-41461E9A4128}
	EndProjectSection
EndProject
Project("{8BC9CEB8-8B4A-11D0-8D11-00A0C91BC942}") = "modelEditor", "modelEditor\modelEditor_2003.vcproj", "{4F1E19B3-56B7-4B84-9B9E-367B90B87207}"
	ProjectSection(ProjectDependencies) = postProject
		{11290105-C0F0-47B7-8E92-CE112BAF4DD8} = {11290105-C0F0-47B7-8E92-CE112BAF4DD8}
		{C9D26B20-53F9-472A-9E17-6F13038A28DE} = {C9D26B20-53F9-472A-9E17-6F13038A28DE}
		{4C2FE220-85C8-449B-A673-2E2252DD78A2} = {4C2FE220-85C8-449B-A673-2E2252DD78A2}
		{AFA1A789-0B70-4F5F-8425-393F554328E2} = {AFA1A789-0B70-4F5F-8425-393F554328E2}
		{A9590795-A3DB-48F5-BBB8-0F5BF0845752} = {A9590795-A3DB-48F5-BBB8-0F5BF0845752}
		{7F64C6E4-EC5B-4F3E-A5C2-41461E9A4128} = {7F64C6E4-EC5B-4F3E-A5C2-41461E9A4128}
		{304505FF-4A2A-471E-B163-17446985C98E} = {304505FF-4A2A-471E-B163-17446985C98E}
	EndProjectSection
EndProject
Global
	GlobalSection(SolutionConfiguration) = preSolution
		Debug = Debug
		Release = Release
	EndGlobalSection
	GlobalSection(ProjectConfiguration) = postSolution
		{7F64C6E4-EC5B-4F3E-A5C2-41461E9A4128}.Debug.ActiveCfg = Debug|Win32
		{7F64C6E4-EC5B-4F3E-A5C2-41461E9A4128}.Debug.Build.0 = Debug|Win32
		{7F64C6E4-EC5B-4F3E-A5C2-41461E9A4128}.Release.ActiveCfg = Release|Win32
		{7F64C6E4-EC5B-4F3E-A5C2-41461E9A4128}.Release.Build.0 = Release|Win32
		{304505FF-4A2A-471E-B163-17446985C98E}.Debug.ActiveCfg = Debug|Win32
		{304505FF-4A2A-471E-B163-17446985C98E}.Debug.Build.0 = Debug|Win32
		{304505FF-4A2A-471E-B163-17446985C98E}.Release.ActiveCfg = Release|Win32
		{304505FF-4A2A-471E-B163-17446985C98E}.Release.Build.0 = Release|Win32
		{A9590795-A3DB-48F5-BBB8-0F5BF0845752}.Debug.ActiveCfg = Debug|Win32
		{A9590795-A3DB-48F5-BBB8-0F5BF0845752}.Debug.Build.0 = Debug|Win32
		{A9590795-A3DB-48F5-BBB8-0F5BF0845752}.Release.ActiveCfg = Release|Win32
		{A9590795-A3DB-48F5-BBB8-0F5BF0845752}.Release.Build.0 = Release|Win32
		{4C2FE220-85C8-449B-A673-2E2252DD78A2}.Debug.ActiveCfg = Debug|Win32
		{4C2FE220-85C8-449B-A673-2E2252DD78A2}.Debug.Build.0 = Debug|Win32
		{4C2FE220-85C8-449B-A673-2E2252DD78A2}.Release.ActiveCfg = Release|Win32
		{4C2FE220-85C8-449B-A673-2E2252DD78A2}.Release.Build.0 = Release|Win32
		{11290105-C0F0-47B7-8E92-CE112BAF4DD8}.Debug.ActiveCfg = Debug|Win32
		{11290105-C0F0-47B7-8E92-CE112BAF4DD8}.Debug.Build.0 = Debug|Win32
		{11290105-C0F0-47B7-8E92-CE112BAF4DD8}.Release.ActiveCfg = Release|Win32
		{11290105-C0F0-47B7-8E92-CE112BAF4DD8}.Release.Build.0 = Release|Win32
		{AFA1A789-0B70-4F5F-8425-393F554328E2}.Debug.ActiveCfg = Debug|Win32
		{AFA1A789-0B70-4F5F-8425-393F554328E2}.Debug.Build.0 = Debug|Win32
		{AFA1A789-0B70-4F5F-8425-393F554328E2}.Release.ActiveCfg = Release|Win32
		{AFA1A789-0B70-4F5F-8425-393F554328E2}.Release.Build.0 = Release|Win32
		{C9D26B20-53F9-472A-9E17-6F13038A28DE}.Debug.ActiveCfg = Debug|Win32
		{C9D26B20-53F9-472A-9E17-6F13038A28DE}.Debug.Build.0 = Debug|Win32
		{C9D26B20-53F9-472A-9E17-6F13038A28DE}.Release.ActiveCfg = Release|Win32
		{C9D26B20-53F9-472A-9E17-6F13038A28DE}.Release.Build.0 = Release|Win32
		{FEA06641-0040-47B2-A617-2FDA26C4B3B4}.Debug.ActiveCfg = Debug|Win32
		{FEA06641-0040-47B2-A617-2FDA26C4B3B4}.Debug.Build.0 = Debug|Win32
		{FEA06641-0040-47B2-A617-2FDA26C4B3B4}.Release.ActiveCfg = Release|Win32
		{FEA06641-0040-47B2-A617-2FDA26C4B3B4}.Release.Build.0 = Release|Win32
		{FEA06641-0040-47B2-A617-2FDA26C4B3B4}.Debug.ActiveCfg = Debug|Win32
		{FEA06641-0040-47B2-A617-2FDA26C4B3B4}.Debug.Build.0 = Debug|Win32
		{FEA06641-0040-47B2-A617-2FDA26C4B3B4}.Release.ActiveCfg = Release|Win32
		{FEA06641-0040-47B2-A617-2FDA26C4B3B4}.Release.Build.0 = Release|Win32
		{4F1E19B3-56B7-4B84-9B9E-367B90B87207}.Debug.ActiveCfg = Debug|Win32
		{4F1E19B3-56B7-4B84-9B9E-367B90B87207}.Debug.Build.0 = Debug|Win32
		{4F1E19B3-56B7-4B84-9B9E-367B90B87207}.Release.ActiveCfg = Release|Win32
		{4F1E19B3-56B7-4B84-9B9E-367B90B87207}.Release.Build.0 = Release|Win32
	EndGlobalSection
	GlobalSection(ExtensibilityGlobals) = postSolution
	EndGlobalSection
	GlobalSection(ExtensibilityAddIns) = postSolution
	EndGlobalSection
EndGlobal
